// !$*UTF8*$!
{
	archiveVersion = 1;
	classes = {
	};
	objectVersion = 46;
	objects = {

/* Begin PBXBuildFile section */
		3D825F131B6BB7AA007783D7 /* RestaurantCDObject+InitWithRestaurantObject.m in Sources */ = {isa = PBXBuildFile; fileRef = 3D825F121B6BB7AA007783D7 /* RestaurantCDObject+InitWithRestaurantObject.m */; };
		3D825F161B6BBD5B007783D7 /* RestaurantCDObject.m in Sources */ = {isa = PBXBuildFile; fileRef = 3D825F151B6BBD5B007783D7 /* RestaurantCDObject.m */; };
		3DA6ADAD1B6977400022EF4D /* NaviViewController.m in Sources */ = {isa = PBXBuildFile; fileRef = 3DA6ADAC1B6977400022EF4D /* NaviViewController.m */; };
		3DDD99331B6A740600178632 /* DurationPickerViewController.m in Sources */ = {isa = PBXBuildFile; fileRef = 3DDD99321B6A740600178632 /* DurationPickerViewController.m */; };
		3DDD99361B6A761B00178632 /* RestaurantPreferenceTableViewController.m in Sources */ = {isa = PBXBuildFile; fileRef = 3DDD99351B6A761B00178632 /* RestaurantPreferenceTableViewController.m */; };
		3DDD99391B6A7C1100178632 /* TrailMix.xcdatamodeld in Sources */ = {isa = PBXBuildFile; fileRef = 3DDD99371B6A7C1100178632 /* TrailMix.xcdatamodeld */; };
		3DDD993C1B6A7C2F00178632 /* DataStore.m in Sources */ = {isa = PBXBuildFile; fileRef = 3DDD993B1B6A7C2F00178632 /* DataStore.m */; };
		3DDD993F1B6AC24D00178632 /* RestaurantTypeTableViewController.m in Sources */ = {isa = PBXBuildFile; fileRef = 3DDD993E1B6AC24D00178632 /* RestaurantTypeTableViewController.m */; };
		63C8B38244F3ABD6D75E8AB9 /* libPods-TrailMix.a in Frameworks */ = {isa = PBXBuildFile; fileRef = D40E02762E4FD5B07430F174 /* libPods-TrailMix.a */; };
		72F9A3361B69681B00E8494F /* main.m in Sources */ = {isa = PBXBuildFile; fileRef = 72F9A3351B69681B00E8494F /* main.m */; };
		72F9A3391B69681B00E8494F /* AppDelegate.m in Sources */ = {isa = PBXBuildFile; fileRef = 72F9A3381B69681B00E8494F /* AppDelegate.m */; };
		72F9A33F1B69681B00E8494F /* Main.storyboard in Resources */ = {isa = PBXBuildFile; fileRef = 72F9A33D1B69681B00E8494F /* Main.storyboard */; };
		72F9A3411B69681B00E8494F /* Images.xcassets in Resources */ = {isa = PBXBuildFile; fileRef = 72F9A3401B69681B00E8494F /* Images.xcassets */; };
		72F9A3441B69681B00E8494F /* LaunchScreen.xib in Resources */ = {isa = PBXBuildFile; fileRef = 72F9A3421B69681B00E8494F /* LaunchScreen.xib */; };
		72F9A3501B69681C00E8494F /* TrailMixTests.m in Sources */ = {isa = PBXBuildFile; fileRef = 72F9A34F1B69681C00E8494F /* TrailMixTests.m */; };
		72FEAD811B697C4400F0FF33 /* WikiAPIClient.m in Sources */ = {isa = PBXBuildFile; fileRef = 72FEAD7E1B697C4400F0FF33 /* WikiAPIClient.m */; };
		72FEAD821B697C4400F0FF33 /* WikiArticle.m in Sources */ = {isa = PBXBuildFile; fileRef = 72FEAD801B697C4400F0FF33 /* WikiArticle.m */; };
		DB416F421B697D2B00A1E41B /* YelpAPIClient.m in Sources */ = {isa = PBXBuildFile; fileRef = DB416F411B697D2B00A1E41B /* YelpAPIClient.m */; };
		DB416F451B697D3800A1E41B /* Constants.m in Sources */ = {isa = PBXBuildFile; fileRef = DB416F441B697D3800A1E41B /* Constants.m */; };
		DB416F481B697DDA00A1E41B /* Restaurant.m in Sources */ = {isa = PBXBuildFile; fileRef = DB416F471B697DDA00A1E41B /* Restaurant.m */; };
/* End PBXBuildFile section */

/* Begin PBXContainerItemProxy section */
		72F9A34A1B69681C00E8494F /* PBXContainerItemProxy */ = {
			isa = PBXContainerItemProxy;
			containerPortal = 72F9A3281B69681B00E8494F /* Project object */;
			proxyType = 1;
			remoteGlobalIDString = 72F9A32F1B69681B00E8494F;
			remoteInfo = TrailMix;
		};
/* End PBXContainerItemProxy section */

/* Begin PBXFileReference section */
		2BEC84171143140FF8DED365 /* Pods-TrailMix.release.xcconfig */ = {isa = PBXFileReference; includeInIndex = 1; lastKnownFileType = text.xcconfig; name = "Pods-TrailMix.release.xcconfig"; path = "Pods/Target Support Files/Pods-TrailMix/Pods-TrailMix.release.xcconfig"; sourceTree = "<group>"; };
		3D825F111B6BB7AA007783D7 /* RestaurantCDObject+InitWithRestaurantObject.h */ = {isa = PBXFileReference; fileEncoding = 4; lastKnownFileType = sourcecode.c.h; name = "RestaurantCDObject+InitWithRestaurantObject.h"; path = "Models/RestaurantCDObject+InitWithRestaurantObject.h"; sourceTree = "<group>"; };
		3D825F121B6BB7AA007783D7 /* RestaurantCDObject+InitWithRestaurantObject.m */ = {isa = PBXFileReference; fileEncoding = 4; lastKnownFileType = sourcecode.c.objc; name = "RestaurantCDObject+InitWithRestaurantObject.m"; path = "Models/RestaurantCDObject+InitWithRestaurantObject.m"; sourceTree = "<group>"; };
		3D825F141B6BBD5B007783D7 /* RestaurantCDObject.h */ = {isa = PBXFileReference; fileEncoding = 4; lastKnownFileType = sourcecode.c.h; name = RestaurantCDObject.h; path = Models/RestaurantCDObject.h; sourceTree = "<group>"; };
		3D825F151B6BBD5B007783D7 /* RestaurantCDObject.m */ = {isa = PBXFileReference; fileEncoding = 4; lastKnownFileType = sourcecode.c.objc; name = RestaurantCDObject.m; path = Models/RestaurantCDObject.m; sourceTree = "<group>"; };
		3DA6ADAB1B6977400022EF4D /* NaviViewController.h */ = {isa = PBXFileReference; fileEncoding = 4; lastKnownFileType = sourcecode.c.h; name = NaviViewController.h; path = Controllers/NaviViewController.h; sourceTree = "<group>"; };
		3DA6ADAC1B6977400022EF4D /* NaviViewController.m */ = {isa = PBXFileReference; fileEncoding = 4; lastKnownFileType = sourcecode.c.objc; name = NaviViewController.m; path = Controllers/NaviViewController.m; sourceTree = "<group>"; };
		3DDD99311B6A740600178632 /* DurationPickerViewController.h */ = {isa = PBXFileReference; fileEncoding = 4; lastKnownFileType = sourcecode.c.h; path = DurationPickerViewController.h; sourceTree = "<group>"; };
		3DDD99321B6A740600178632 /* DurationPickerViewController.m */ = {isa = PBXFileReference; fileEncoding = 4; lastKnownFileType = sourcecode.c.objc; path = DurationPickerViewController.m; sourceTree = "<group>"; };
		3DDD99341B6A761B00178632 /* RestaurantPreferenceTableViewController.h */ = {isa = PBXFileReference; fileEncoding = 4; lastKnownFileType = sourcecode.c.h; path = RestaurantPreferenceTableViewController.h; sourceTree = "<group>"; };
		3DDD99351B6A761B00178632 /* RestaurantPreferenceTableViewController.m */ = {isa = PBXFileReference; fileEncoding = 4; lastKnownFileType = sourcecode.c.objc; path = RestaurantPreferenceTableViewController.m; sourceTree = "<group>"; };
		3DDD99381B6A7C1100178632 /* TrailMix.xcdatamodel */ = {isa = PBXFileReference; lastKnownFileType = wrapper.xcdatamodel; path = TrailMix.xcdatamodel; sourceTree = "<group>"; };
		3DDD993A1B6A7C2F00178632 /* DataStore.h */ = {isa = PBXFileReference; fileEncoding = 4; lastKnownFileType = sourcecode.c.h; path = DataStore.h; sourceTree = "<group>"; };
		3DDD993B1B6A7C2F00178632 /* DataStore.m */ = {isa = PBXFileReference; fileEncoding = 4; lastKnownFileType = sourcecode.c.objc; path = DataStore.m; sourceTree = "<group>"; };
		3DDD993D1B6AC24D00178632 /* RestaurantTypeTableViewController.h */ = {isa = PBXFileReference; fileEncoding = 4; lastKnownFileType = sourcecode.c.h; path = RestaurantTypeTableViewController.h; sourceTree = "<group>"; };
		3DDD993E1B6AC24D00178632 /* RestaurantTypeTableViewController.m */ = {isa = PBXFileReference; fileEncoding = 4; lastKnownFileType = sourcecode.c.objc; path = RestaurantTypeTableViewController.m; sourceTree = "<group>"; };
		72F9A3301B69681B00E8494F /* TrailMix.app */ = {isa = PBXFileReference; explicitFileType = wrapper.application; includeInIndex = 0; path = TrailMix.app; sourceTree = BUILT_PRODUCTS_DIR; };
		72F9A3341B69681B00E8494F /* Info.plist */ = {isa = PBXFileReference; lastKnownFileType = text.plist.xml; path = Info.plist; sourceTree = "<group>"; };
		72F9A3351B69681B00E8494F /* main.m */ = {isa = PBXFileReference; lastKnownFileType = sourcecode.c.objc; path = main.m; sourceTree = "<group>"; };
		72F9A3371B69681B00E8494F /* AppDelegate.h */ = {isa = PBXFileReference; lastKnownFileType = sourcecode.c.h; path = AppDelegate.h; sourceTree = "<group>"; };
		72F9A3381B69681B00E8494F /* AppDelegate.m */ = {isa = PBXFileReference; lastKnownFileType = sourcecode.c.objc; path = AppDelegate.m; sourceTree = "<group>"; };
		72F9A33E1B69681B00E8494F /* Base */ = {isa = PBXFileReference; lastKnownFileType = file.storyboard; name = Base; path = Base.lproj/Main.storyboard; sourceTree = "<group>"; };
		72F9A3401B69681B00E8494F /* Images.xcassets */ = {isa = PBXFileReference; lastKnownFileType = folder.assetcatalog; path = Images.xcassets; sourceTree = "<group>"; };
		72F9A3431B69681B00E8494F /* Base */ = {isa = PBXFileReference; lastKnownFileType = file.xib; name = Base; path = Base.lproj/LaunchScreen.xib; sourceTree = "<group>"; };
		72F9A3491B69681C00E8494F /* TrailMixTests.xctest */ = {isa = PBXFileReference; explicitFileType = wrapper.cfbundle; includeInIndex = 0; path = TrailMixTests.xctest; sourceTree = BUILT_PRODUCTS_DIR; };
		72F9A34E1B69681C00E8494F /* Info.plist */ = {isa = PBXFileReference; lastKnownFileType = text.plist.xml; path = Info.plist; sourceTree = "<group>"; };
		72F9A34F1B69681C00E8494F /* TrailMixTests.m */ = {isa = PBXFileReference; lastKnownFileType = sourcecode.c.objc; path = TrailMixTests.m; sourceTree = "<group>"; };
		72FEAD7D1B697C4400F0FF33 /* WikiAPIClient.h */ = {isa = PBXFileReference; fileEncoding = 4; lastKnownFileType = sourcecode.c.h; path = WikiAPIClient.h; sourceTree = "<group>"; };
		72FEAD7E1B697C4400F0FF33 /* WikiAPIClient.m */ = {isa = PBXFileReference; fileEncoding = 4; lastKnownFileType = sourcecode.c.objc; path = WikiAPIClient.m; sourceTree = "<group>"; };
		72FEAD7F1B697C4400F0FF33 /* WikiArticle.h */ = {isa = PBXFileReference; fileEncoding = 4; lastKnownFileType = sourcecode.c.h; path = WikiArticle.h; sourceTree = "<group>"; };
		72FEAD801B697C4400F0FF33 /* WikiArticle.m */ = {isa = PBXFileReference; fileEncoding = 4; lastKnownFileType = sourcecode.c.objc; path = WikiArticle.m; sourceTree = "<group>"; };
		A4F8ED7375ED3F133E3C75AE /* Pods-TrailMix.debug.xcconfig */ = {isa = PBXFileReference; includeInIndex = 1; lastKnownFileType = text.xcconfig; name = "Pods-TrailMix.debug.xcconfig"; path = "Pods/Target Support Files/Pods-TrailMix/Pods-TrailMix.debug.xcconfig"; sourceTree = "<group>"; };
		D40E02762E4FD5B07430F174 /* libPods-TrailMix.a */ = {isa = PBXFileReference; explicitFileType = archive.ar; includeInIndex = 0; path = "libPods-TrailMix.a"; sourceTree = BUILT_PRODUCTS_DIR; };
		DB416F401B697D2B00A1E41B /* YelpAPIClient.h */ = {isa = PBXFileReference; fileEncoding = 4; lastKnownFileType = sourcecode.c.h; path = YelpAPIClient.h; sourceTree = "<group>"; };
		DB416F411B697D2B00A1E41B /* YelpAPIClient.m */ = {isa = PBXFileReference; fileEncoding = 4; lastKnownFileType = sourcecode.c.objc; path = YelpAPIClient.m; sourceTree = "<group>"; };
		DB416F431B697D3800A1E41B /* Constants.h */ = {isa = PBXFileReference; fileEncoding = 4; lastKnownFileType = sourcecode.c.h; path = Constants.h; sourceTree = "<group>"; };
		DB416F441B697D3800A1E41B /* Constants.m */ = {isa = PBXFileReference; fileEncoding = 4; lastKnownFileType = sourcecode.c.objc; path = Constants.m; sourceTree = "<group>"; };
		DB416F461B697DDA00A1E41B /* Restaurant.h */ = {isa = PBXFileReference; fileEncoding = 4; lastKnownFileType = sourcecode.c.h; path = Restaurant.h; sourceTree = "<group>"; };
		DB416F471B697DDA00A1E41B /* Restaurant.m */ = {isa = PBXFileReference; fileEncoding = 4; lastKnownFileType = sourcecode.c.objc; path = Restaurant.m; sourceTree = "<group>"; };
/* End PBXFileReference section */

/* Begin PBXFrameworksBuildPhase section */
		72F9A32D1B69681B00E8494F /* Frameworks */ = {
			isa = PBXFrameworksBuildPhase;
			buildActionMask = 2147483647;
			files = (
				63C8B38244F3ABD6D75E8AB9 /* libPods-TrailMix.a in Frameworks */,
			);
			runOnlyForDeploymentPostprocessing = 0;
		};
		72F9A3461B69681C00E8494F /* Frameworks */ = {
			isa = PBXFrameworksBuildPhase;
			buildActionMask = 2147483647;
			files = (
			);
			runOnlyForDeploymentPostprocessing = 0;
		};
/* End PBXFrameworksBuildPhase section */

/* Begin PBXGroup section */
		219C77F1C5161D6D24509109 /* Pods */ = {
			isa = PBXGroup;
			children = (
				A4F8ED7375ED3F133E3C75AE /* Pods-TrailMix.debug.xcconfig */,
				2BEC84171143140FF8DED365 /* Pods-TrailMix.release.xcconfig */,
			);
			name = Pods;
			sourceTree = "<group>";
		};
		3D22232D1B696C9200788C41 /* Views */ = {
			isa = PBXGroup;
			children = (
				72F9A33D1B69681B00E8494F /* Main.storyboard */,
			);
			name = Views;
			sourceTree = "<group>";
		};
		3D22232E1B696C9B00788C41 /* Controllers */ = {
			isa = PBXGroup;
			children = (
				3DA6ADAB1B6977400022EF4D /* NaviViewController.h */,
				3DA6ADAC1B6977400022EF4D /* NaviViewController.m */,
				DB416F401B697D2B00A1E41B /* YelpAPIClient.h */,
				DB416F411B697D2B00A1E41B /* YelpAPIClient.m */,
				72FEAD7D1B697C4400F0FF33 /* WikiAPIClient.h */,
				72FEAD7E1B697C4400F0FF33 /* WikiAPIClient.m */,
				3DDD99311B6A740600178632 /* DurationPickerViewController.h */,
				3DDD99321B6A740600178632 /* DurationPickerViewController.m */,
				3DDD993D1B6AC24D00178632 /* RestaurantTypeTableViewController.h */,
				3DDD993E1B6AC24D00178632 /* RestaurantTypeTableViewController.m */,
				3DDD99341B6A761B00178632 /* RestaurantPreferenceTableViewController.h */,
				3DDD99351B6A761B00178632 /* RestaurantPreferenceTableViewController.m */,
			);
			name = Controllers;
			sourceTree = "<group>";
		};
		3D22232F1B696CA200788C41 /* Models */ = {
			isa = PBXGroup;
			children = (
				3D825F141B6BBD5B007783D7 /* RestaurantCDObject.h */,
				3D825F151B6BBD5B007783D7 /* RestaurantCDObject.m */,
				3D825F111B6BB7AA007783D7 /* RestaurantCDObject+InitWithRestaurantObject.h */,
				3D825F121B6BB7AA007783D7 /* RestaurantCDObject+InitWithRestaurantObject.m */,
				DB416F431B697D3800A1E41B /* Constants.h */,
				DB416F441B697D3800A1E41B /* Constants.m */,
				72FEAD7F1B697C4400F0FF33 /* WikiArticle.h */,
				72FEAD801B697C4400F0FF33 /* WikiArticle.m */,
				DB416F461B697DDA00A1E41B /* Restaurant.h */,
				DB416F471B697DDA00A1E41B /* Restaurant.m */,
			);
			name = Models;
			sourceTree = "<group>";
		};
		3DDD99401B6AC50C00178632 /* CoreData */ = {
			isa = PBXGroup;
			children = (
				3DDD993A1B6A7C2F00178632 /* DataStore.h */,
				3DDD993B1B6A7C2F00178632 /* DataStore.m */,
			);
			name = CoreData;
			sourceTree = "<group>";
		};
		72F9A3271B69681B00E8494F = {
			isa = PBXGroup;
			children = (
				72F9A3321B69681B00E8494F /* TrailMix */,
				72F9A34C1B69681C00E8494F /* TrailMixTests */,
				72F9A3311B69681B00E8494F /* Products */,
				219C77F1C5161D6D24509109 /* Pods */,
				D7939BA8A1B4EC7922792122 /* Frameworks */,
			);
			sourceTree = "<group>";
		};
		72F9A3311B69681B00E8494F /* Products */ = {
			isa = PBXGroup;
			children = (
				72F9A3301B69681B00E8494F /* TrailMix.app */,
				72F9A3491B69681C00E8494F /* TrailMixTests.xctest */,
			);
			name = Products;
			sourceTree = "<group>";
		};
		72F9A3321B69681B00E8494F /* TrailMix */ = {
			isa = PBXGroup;
			children = (
				3DDD99401B6AC50C00178632 /* CoreData */,
				3D22232F1B696CA200788C41 /* Models */,
				3D22232E1B696C9B00788C41 /* Controllers */,
				3D22232D1B696C9200788C41 /* Views */,
				72F9A3371B69681B00E8494F /* AppDelegate.h */,
				72F9A3381B69681B00E8494F /* AppDelegate.m */,
				3DDD99371B6A7C1100178632 /* TrailMix.xcdatamodeld */,
				72F9A3401B69681B00E8494F /* Images.xcassets */,
				72F9A3421B69681B00E8494F /* LaunchScreen.xib */,
				72F9A3331B69681B00E8494F /* Supporting Files */,
			);
			path = TrailMix;
			sourceTree = "<group>";
		};
		72F9A3331B69681B00E8494F /* Supporting Files */ = {
			isa = PBXGroup;
			children = (
				72F9A3341B69681B00E8494F /* Info.plist */,
				72F9A3351B69681B00E8494F /* main.m */,
			);
			name = "Supporting Files";
			sourceTree = "<group>";
		};
		72F9A34C1B69681C00E8494F /* TrailMixTests */ = {
			isa = PBXGroup;
			children = (
				72F9A34F1B69681C00E8494F /* TrailMixTests.m */,
				72F9A34D1B69681C00E8494F /* Supporting Files */,
			);
			path = TrailMixTests;
			sourceTree = "<group>";
		};
		72F9A34D1B69681C00E8494F /* Supporting Files */ = {
			isa = PBXGroup;
			children = (
				72F9A34E1B69681C00E8494F /* Info.plist */,
			);
			name = "Supporting Files";
			sourceTree = "<group>";
		};
		D7939BA8A1B4EC7922792122 /* Frameworks */ = {
			isa = PBXGroup;
			children = (
				D40E02762E4FD5B07430F174 /* libPods-TrailMix.a */,
			);
			name = Frameworks;
			sourceTree = "<group>";
		};
/* End PBXGroup section */

/* Begin PBXNativeTarget section */
		72F9A32F1B69681B00E8494F /* TrailMix */ = {
			isa = PBXNativeTarget;
			buildConfigurationList = 72F9A3531B69681C00E8494F /* Build configuration list for PBXNativeTarget "TrailMix" */;
			buildPhases = (
				F750A4D6EF7638BD57F948A2 /* Check Pods Manifest.lock */,
				72F9A32C1B69681B00E8494F /* Sources */,
				72F9A32D1B69681B00E8494F /* Frameworks */,
				72F9A32E1B69681B00E8494F /* Resources */,
				14D12014DB11408E014AE133 /* Copy Pods Resources */,
			);
			buildRules = (
			);
			dependencies = (
			);
			name = TrailMix;
			productName = TrailMix;
			productReference = 72F9A3301B69681B00E8494F /* TrailMix.app */;
			productType = "com.apple.product-type.application";
		};
		72F9A3481B69681C00E8494F /* TrailMixTests */ = {
			isa = PBXNativeTarget;
			buildConfigurationList = 72F9A3561B69681C00E8494F /* Build configuration list for PBXNativeTarget "TrailMixTests" */;
			buildPhases = (
				72F9A3451B69681C00E8494F /* Sources */,
				72F9A3461B69681C00E8494F /* Frameworks */,
				72F9A3471B69681C00E8494F /* Resources */,
			);
			buildRules = (
			);
			dependencies = (
				72F9A34B1B69681C00E8494F /* PBXTargetDependency */,
			);
			name = TrailMixTests;
			productName = TrailMixTests;
			productReference = 72F9A3491B69681C00E8494F /* TrailMixTests.xctest */;
			productType = "com.apple.product-type.bundle.unit-test";
		};
/* End PBXNativeTarget section */

/* Begin PBXProject section */
		72F9A3281B69681B00E8494F /* Project object */ = {
			isa = PBXProject;
			attributes = {
				LastUpgradeCheck = 0640;
				ORGANIZATIONNAME = "Team Fax Machine";
				TargetAttributes = {
					72F9A32F1B69681B00E8494F = {
						CreatedOnToolsVersion = 6.4;
					};
					72F9A3481B69681C00E8494F = {
						CreatedOnToolsVersion = 6.4;
						TestTargetID = 72F9A32F1B69681B00E8494F;
					};
				};
			};
			buildConfigurationList = 72F9A32B1B69681B00E8494F /* Build configuration list for PBXProject "TrailMix" */;
			compatibilityVersion = "Xcode 3.2";
			developmentRegion = English;
			hasScannedForEncodings = 0;
			knownRegions = (
				en,
				Base,
			);
			mainGroup = 72F9A3271B69681B00E8494F;
			productRefGroup = 72F9A3311B69681B00E8494F /* Products */;
			projectDirPath = "";
			projectRoot = "";
			targets = (
				72F9A32F1B69681B00E8494F /* TrailMix */,
				72F9A3481B69681C00E8494F /* TrailMixTests */,
			);
		};
/* End PBXProject section */

/* Begin PBXResourcesBuildPhase section */
		72F9A32E1B69681B00E8494F /* Resources */ = {
			isa = PBXResourcesBuildPhase;
			buildActionMask = 2147483647;
			files = (
				72F9A33F1B69681B00E8494F /* Main.storyboard in Resources */,
				72F9A3441B69681B00E8494F /* LaunchScreen.xib in Resources */,
				72F9A3411B69681B00E8494F /* Images.xcassets in Resources */,
			);
			runOnlyForDeploymentPostprocessing = 0;
		};
		72F9A3471B69681C00E8494F /* Resources */ = {
			isa = PBXResourcesBuildPhase;
			buildActionMask = 2147483647;
			files = (
			);
			runOnlyForDeploymentPostprocessing = 0;
		};
/* End PBXResourcesBuildPhase section */

/* Begin PBXShellScriptBuildPhase section */
		14D12014DB11408E014AE133 /* Copy Pods Resources */ = {
			isa = PBXShellScriptBuildPhase;
			buildActionMask = 2147483647;
			files = (
			);
			inputPaths = (
			);
			name = "Copy Pods Resources";
			outputPaths = (
			);
			runOnlyForDeploymentPostprocessing = 0;
			shellPath = /bin/sh;
			shellScript = "\"${SRCROOT}/Pods/Target Support Files/Pods-TrailMix/Pods-TrailMix-resources.sh\"\n";
			showEnvVarsInLog = 0;
		};
		F750A4D6EF7638BD57F948A2 /* Check Pods Manifest.lock */ = {
			isa = PBXShellScriptBuildPhase;
			buildActionMask = 2147483647;
			files = (
			);
			inputPaths = (
			);
			name = "Check Pods Manifest.lock";
			outputPaths = (
			);
			runOnlyForDeploymentPostprocessing = 0;
			shellPath = /bin/sh;
			shellScript = "diff \"${PODS_ROOT}/../Podfile.lock\" \"${PODS_ROOT}/Manifest.lock\" > /dev/null\nif [[ $? != 0 ]] ; then\n    cat << EOM\nerror: The sandbox is not in sync with the Podfile.lock. Run 'pod install' or update your CocoaPods installation.\nEOM\n    exit 1\nfi\n";
			showEnvVarsInLog = 0;
		};
/* End PBXShellScriptBuildPhase section */

/* Begin PBXSourcesBuildPhase section */
		72F9A32C1B69681B00E8494F /* Sources */ = {
			isa = PBXSourcesBuildPhase;
			buildActionMask = 2147483647;
			files = (
				DB416F451B697D3800A1E41B /* Constants.m in Sources */,
				72F9A3391B69681B00E8494F /* AppDelegate.m in Sources */,
				3D825F131B6BB7AA007783D7 /* RestaurantCDObject+InitWithRestaurantObject.m in Sources */,
				DB416F421B697D2B00A1E41B /* YelpAPIClient.m in Sources */,
				3DA6ADAD1B6977400022EF4D /* NaviViewController.m in Sources */,
				72FEAD811B697C4400F0FF33 /* WikiAPIClient.m in Sources */,
				3DDD993C1B6A7C2F00178632 /* DataStore.m in Sources */,
				3DDD99331B6A740600178632 /* DurationPickerViewController.m in Sources */,
				DB416F481B697DDA00A1E41B /* Restaurant.m in Sources */,
				3D825F161B6BBD5B007783D7 /* RestaurantCDObject.m in Sources */,
				3DDD993F1B6AC24D00178632 /* RestaurantTypeTableViewController.m in Sources */,
				3DDD99391B6A7C1100178632 /* TrailMix.xcdatamodeld in Sources */,
				3DDD99361B6A761B00178632 /* RestaurantPreferenceTableViewController.m in Sources */,
				72F9A3361B69681B00E8494F /* main.m in Sources */,
				72FEAD821B697C4400F0FF33 /* WikiArticle.m in Sources */,
			);
			runOnlyForDeploymentPostprocessing = 0;
		};
		72F9A3451B69681C00E8494F /* Sources */ = {
			isa = PBXSourcesBuildPhase;
			buildActionMask = 2147483647;
			files = (
				72F9A3501B69681C00E8494F /* TrailMixTests.m in Sources */,
			);
			runOnlyForDeploymentPostprocessing = 0;
		};
/* End PBXSourcesBuildPhase section */

/* Begin PBXTargetDependency section */
		72F9A34B1B69681C00E8494F /* PBXTargetDependency */ = {
			isa = PBXTargetDependency;
			target = 72F9A32F1B69681B00E8494F /* TrailMix */;
			targetProxy = 72F9A34A1B69681C00E8494F /* PBXContainerItemProxy */;
		};
/* End PBXTargetDependency section */

/* Begin PBXVariantGroup section */
		72F9A33D1B69681B00E8494F /* Main.storyboard */ = {
			isa = PBXVariantGroup;
			children = (
				72F9A33E1B69681B00E8494F /* Base */,
			);
			name = Main.storyboard;
			sourceTree = "<group>";
		};
		72F9A3421B69681B00E8494F /* LaunchScreen.xib */ = {
			isa = PBXVariantGroup;
			children = (
				72F9A3431B69681B00E8494F /* Base */,
			);
			name = LaunchScreen.xib;
			sourceTree = "<group>";
		};
/* End PBXVariantGroup section */

/* Begin XCBuildConfiguration section */
		72F9A3511B69681C00E8494F /* Debug */ = {
			isa = XCBuildConfiguration;
			buildSettings = {
				ALWAYS_SEARCH_USER_PATHS = NO;
				CLANG_CXX_LANGUAGE_STANDARD = "gnu++0x";
				CLANG_CXX_LIBRARY = "libc++";
				CLANG_ENABLE_MODULES = YES;
				CLANG_ENABLE_OBJC_ARC = YES;
				CLANG_WARN_BOOL_CONVERSION = YES;
				CLANG_WARN_CONSTANT_CONVERSION = YES;
				CLANG_WARN_DIRECT_OBJC_ISA_USAGE = YES_ERROR;
				CLANG_WARN_EMPTY_BODY = YES;
				CLANG_WARN_ENUM_CONVERSION = YES;
				CLANG_WARN_INT_CONVERSION = YES;
				CLANG_WARN_OBJC_ROOT_CLASS = YES_ERROR;
				CLANG_WARN_UNREACHABLE_CODE = YES;
				CLANG_WARN__DUPLICATE_METHOD_MATCH = YES;
				"CODE_SIGN_IDENTITY[sdk=iphoneos*]" = "iPhone Developer";
				COPY_PHASE_STRIP = NO;
				DEBUG_INFORMATION_FORMAT = "dwarf-with-dsym";
				ENABLE_STRICT_OBJC_MSGSEND = YES;
				GCC_C_LANGUAGE_STANDARD = gnu99;
				GCC_DYNAMIC_NO_PIC = NO;
				GCC_NO_COMMON_BLOCKS = YES;
				GCC_OPTIMIZATION_LEVEL = 0;
				GCC_PREPROCESSOR_DEFINITIONS = (
					"DEBUG=1",
					"$(inherited)",
				);
				GCC_SYMBOLS_PRIVATE_EXTERN = NO;
				GCC_WARN_64_TO_32_BIT_CONVERSION = YES;
				GCC_WARN_ABOUT_RETURN_TYPE = YES_ERROR;
				GCC_WARN_UNDECLARED_SELECTOR = YES;
				GCC_WARN_UNINITIALIZED_AUTOS = YES_AGGRESSIVE;
				GCC_WARN_UNUSED_FUNCTION = YES;
				GCC_WARN_UNUSED_VARIABLE = YES;
				IPHONEOS_DEPLOYMENT_TARGET = 8.4;
				MTL_ENABLE_DEBUG_INFO = YES;
				ONLY_ACTIVE_ARCH = YES;
				SDKROOT = iphoneos;
				TARGETED_DEVICE_FAMILY = "1,2";
			};
			name = Debug;
		};
		72F9A3521B69681C00E8494F /* Release */ = {
			isa = XCBuildConfiguration;
			buildSettings = {
				ALWAYS_SEARCH_USER_PATHS = NO;
				CLANG_CXX_LANGUAGE_STANDARD = "gnu++0x";
				CLANG_CXX_LIBRARY = "libc++";
				CLANG_ENABLE_MODULES = YES;
				CLANG_ENABLE_OBJC_ARC = YES;
				CLANG_WARN_BOOL_CONVERSION = YES;
				CLANG_WARN_CONSTANT_CONVERSION = YES;
				CLANG_WARN_DIRECT_OBJC_ISA_USAGE = YES_ERROR;
				CLANG_WARN_EMPTY_BODY = YES;
				CLANG_WARN_ENUM_CONVERSION = YES;
				CLANG_WARN_INT_CONVERSION = YES;
				CLANG_WARN_OBJC_ROOT_CLASS = YES_ERROR;
				CLANG_WARN_UNREACHABLE_CODE = YES;
				CLANG_WARN__DUPLICATE_METHOD_MATCH = YES;
				"CODE_SIGN_IDENTITY[sdk=iphoneos*]" = "iPhone Developer";
				COPY_PHASE_STRIP = NO;
				DEBUG_INFORMATION_FORMAT = "dwarf-with-dsym";
				ENABLE_NS_ASSERTIONS = NO;
				ENABLE_STRICT_OBJC_MSGSEND = YES;
				GCC_C_LANGUAGE_STANDARD = gnu99;
				GCC_NO_COMMON_BLOCKS = YES;
				GCC_WARN_64_TO_32_BIT_CONVERSION = YES;
				GCC_WARN_ABOUT_RETURN_TYPE = YES_ERROR;
				GCC_WARN_UNDECLARED_SELECTOR = YES;
				GCC_WARN_UNINITIALIZED_AUTOS = YES_AGGRESSIVE;
				GCC_WARN_UNUSED_FUNCTION = YES;
				GCC_WARN_UNUSED_VARIABLE = YES;
				IPHONEOS_DEPLOYMENT_TARGET = 8.4;
				MTL_ENABLE_DEBUG_INFO = NO;
				SDKROOT = iphoneos;
				TARGETED_DEVICE_FAMILY = "1,2";
				VALIDATE_PRODUCT = YES;
			};
			name = Release;
		};
		72F9A3541B69681C00E8494F /* Debug */ = {
			isa = XCBuildConfiguration;
			baseConfigurationReference = A4F8ED7375ED3F133E3C75AE /* Pods-TrailMix.debug.xcconfig */;
			buildSettings = {
				ASSETCATALOG_COMPILER_APPICON_NAME = AppIcon;
				ASSETCATALOG_COMPILER_LAUNCHIMAGE_NAME = LaunchImage;
				INFOPLIST_FILE = TrailMix/Info.plist;
				IPHONEOS_DEPLOYMENT_TARGET = 7.1;
				LD_RUNPATH_SEARCH_PATHS = "$(inherited) @executable_path/Frameworks";
				PRODUCT_NAME = "$(TARGET_NAME)";
			};
			name = Debug;
		};
		72F9A3551B69681C00E8494F /* Release */ = {
			isa = XCBuildConfiguration;
			baseConfigurationReference = 2BEC84171143140FF8DED365 /* Pods-TrailMix.release.xcconfig */;
			buildSettings = {
				ASSETCATALOG_COMPILER_APPICON_NAME = AppIcon;
				ASSETCATALOG_COMPILER_LAUNCHIMAGE_NAME = LaunchImage;
				INFOPLIST_FILE = TrailMix/Info.plist;
				IPHONEOS_DEPLOYMENT_TARGET = 7.1;
				LD_RUNPATH_SEARCH_PATHS = "$(inherited) @executable_path/Frameworks";
				PRODUCT_NAME = "$(TARGET_NAME)";
			};
			name = Release;
		};
		72F9A3571B69681C00E8494F /* Debug */ = {
			isa = XCBuildConfiguration;
			buildSettings = {
				BUNDLE_LOADER = "$(TEST_HOST)";
				FRAMEWORK_SEARCH_PATHS = (
					"$(SDKROOT)/Developer/Library/Frameworks",
					"$(inherited)",
				);
				GCC_PREPROCESSOR_DEFINITIONS = (
					"DEBUG=1",
					"$(inherited)",
				);
				INFOPLIST_FILE = TrailMixTests/Info.plist;
				LD_RUNPATH_SEARCH_PATHS = "$(inherited) @executable_path/Frameworks @loader_path/Frameworks";
				PRODUCT_NAME = "$(TARGET_NAME)";
				TEST_HOST = "$(BUILT_PRODUCTS_DIR)/TrailMix.app/TrailMix";
			};
			name = Debug;
		};
		72F9A3581B69681C00E8494F /* Release */ = {
			isa = XCBuildConfiguration;
			buildSettings = {
				BUNDLE_LOADER = "$(TEST_HOST)";
				FRAMEWORK_SEARCH_PATHS = (
					"$(SDKROOT)/Developer/Library/Frameworks",
					"$(inherited)",
				);
				INFOPLIST_FILE = TrailMixTests/Info.plist;
				LD_RUNPATH_SEARCH_PATHS = "$(inherited) @executable_path/Frameworks @loader_path/Frameworks";
				PRODUCT_NAME = "$(TARGET_NAME)";
				TEST_HOST = "$(BUILT_PRODUCTS_DIR)/TrailMix.app/TrailMix";
			};
			name = Release;
		};
/* End XCBuildConfiguration section */

/* Begin XCConfigurationList section */
		72F9A32B1B69681B00E8494F /* Build configuration list for PBXProject "TrailMix" */ = {
			isa = XCConfigurationList;
			buildConfigurations = (
				72F9A3511B69681C00E8494F /* Debug */,
				72F9A3521B69681C00E8494F /* Release */,
			);
			defaultConfigurationIsVisible = 0;
			defaultConfigurationName = Release;
		};
		72F9A3531B69681C00E8494F /* Build configuration list for PBXNativeTarget "TrailMix" */ = {
			isa = XCConfigurationList;
			buildConfigurations = (
				72F9A3541B69681C00E8494F /* Debug */,
				72F9A3551B69681C00E8494F /* Release */,
			);
			defaultConfigurationIsVisible = 0;
			defaultConfigurationName = Release;
		};
		72F9A3561B69681C00E8494F /* Build configuration list for PBXNativeTarget "TrailMixTests" */ = {
			isa = XCConfigurationList;
			buildConfigurations = (
				72F9A3571B69681C00E8494F /* Debug */,
				72F9A3581B69681C00E8494F /* Release */,
			);
			defaultConfigurationIsVisible = 0;
			defaultConfigurationName = Release;
		};
/* End XCConfigurationList section */

/* Begin XCVersionGroup section */
		3DDD99371B6A7C1100178632 /* TrailMix.xcdatamodeld */ = {
			isa = XCVersionGroup;
			children = (
				3DDD99381B6A7C1100178632 /* TrailMix.xcdatamodel */,
			);
			currentVersion = 3DDD99381B6A7C1100178632 /* TrailMix.xcdatamodel */;
			path = TrailMix.xcdatamodeld;
			sourceTree = "<group>";
			versionGroupType = wrapper.xcdatamodel;
		};
/* End XCVersionGroup section */
	};
	rootObject = 72F9A3281B69681B00E8494F /* Project object */;
}
