// !$*UTF8*$!
{
	archiveVersion = 1;
	classes = {
	};
	objectVersion = 46;
	objects = {

/* Begin PBXBuildFile section */
		3DA6ADAD1B6977400022EF4D /* NaviViewController.m in Sources */ = {isa = PBXBuildFile; fileRef = 3DA6ADAC1B6977400022EF4D /* NaviViewController.m */; };
		3DDD99331B6A740600178632 /* DurationPickerViewController.m in Sources */ = {isa = PBXBuildFile; fileRef = 3DDD99321B6A740600178632 /* DurationPickerViewController.m */; };
		3DDD99361B6A761B00178632 /* RestaurantPreferenceTableViewController.m in Sources */ = {isa = PBXBuildFile; fileRef = 3DDD99351B6A761B00178632 /* RestaurantPreferenceTableViewController.m */; };
		3DDD993F1B6AC24D00178632 /* RestaurantTypeTableViewController.m in Sources */ = {isa = PBXBuildFile; fileRef = 3DDD993E1B6AC24D00178632 /* RestaurantTypeTableViewController.m */; };
		3DE2E8131B7A7F6F005E71C6 /* InterfaceController.m in Sources */ = {isa = PBXBuildFile; fileRef = 3DE2E8121B7A7F6F005E71C6 /* InterfaceController.m */; };
		3DE2E8161B7A7F6F005E71C6 /* NotificationController.m in Sources */ = {isa = PBXBuildFile; fileRef = 3DE2E8151B7A7F6F005E71C6 /* NotificationController.m */; };
		3DE2E8181B7A7F6F005E71C6 /* Images.xcassets in Resources */ = {isa = PBXBuildFile; fileRef = 3DE2E8171B7A7F6F005E71C6 /* Images.xcassets */; };
		3DE2E81C1B7A7F6F005E71C6 /* TrailMix WatchKit App.app in Resources */ = {isa = PBXBuildFile; fileRef = 3DE2E81B1B7A7F6F005E71C6 /* TrailMix WatchKit App.app */; };
		3DE2E8241B7A7F6F005E71C6 /* Interface.storyboard in Resources */ = {isa = PBXBuildFile; fileRef = 3DE2E8221B7A7F6F005E71C6 /* Interface.storyboard */; };
		3DE2E8261B7A7F6F005E71C6 /* Images.xcassets in Resources */ = {isa = PBXBuildFile; fileRef = 3DE2E8251B7A7F6F005E71C6 /* Images.xcassets */; };
		3DE2E8291B7A7F6F005E71C6 /* TrailMix WatchKit Extension.appex in Embed App Extensions */ = {isa = PBXBuildFile; fileRef = 3DE2E80C1B7A7F6F005E71C6 /* TrailMix WatchKit Extension.appex */; settings = {ATTRIBUTES = (RemoveHeadersOnCopy, ); }; };
		3DE2E83B1B7A802F005E71C6 /* TrailMixFramework.h in Headers */ = {isa = PBXBuildFile; fileRef = 3DE2E83A1B7A802F005E71C6 /* TrailMixFramework.h */; settings = {ATTRIBUTES = (Public, ); }; };
		3DE2E8411B7A802F005E71C6 /* TrailMixFramework.framework in Frameworks */ = {isa = PBXBuildFile; fileRef = 3DE2E8361B7A802F005E71C6 /* TrailMixFramework.framework */; };
		3DE2E84A1B7A802F005E71C6 /* TrailMixFrameworkTests.m in Sources */ = {isa = PBXBuildFile; fileRef = 3DE2E8491B7A802F005E71C6 /* TrailMixFrameworkTests.m */; };
		3DE2E84D1B7A802F005E71C6 /* TrailMixFramework.framework in Frameworks */ = {isa = PBXBuildFile; fileRef = 3DE2E8361B7A802F005E71C6 /* TrailMixFramework.framework */; };
		3DE2E84E1B7A802F005E71C6 /* TrailMixFramework.framework in Embed Frameworks */ = {isa = PBXBuildFile; fileRef = 3DE2E8361B7A802F005E71C6 /* TrailMixFramework.framework */; settings = {ATTRIBUTES = (CodeSignOnCopy, RemoveHeadersOnCopy, ); }; };
		3DE2E8561B7A8F89005E71C6 /* New.storyboard in Resources */ = {isa = PBXBuildFile; fileRef = DBF444EB1B726B0C00B97BAD /* New.storyboard */; };
		3DE2E8571B7A9088005E71C6 /* Constants.h in Headers */ = {isa = PBXBuildFile; fileRef = DB416F431B697D3800A1E41B /* Constants.h */; settings = {ATTRIBUTES = (Public, ); }; };
		3DE2E8581B7A9088005E71C6 /* DataStore.h in Headers */ = {isa = PBXBuildFile; fileRef = 3DDD993A1B6A7C2F00178632 /* DataStore.h */; settings = {ATTRIBUTES = (Public, ); }; };
		3DE2E8591B7A9088005E71C6 /* RestaurantCDObject.h in Headers */ = {isa = PBXBuildFile; fileRef = 3DEA3B321B6FEDEA00D4022B /* RestaurantCDObject.h */; settings = {ATTRIBUTES = (Public, ); }; };
		3DE2E85A1B7A9088005E71C6 /* Restaurant.h in Headers */ = {isa = PBXBuildFile; fileRef = DB416F461B697DDA00A1E41B /* Restaurant.h */; settings = {ATTRIBUTES = (Public, ); }; };
		3DE2E85B1B7A9088005E71C6 /* RestaurantCDObject+InitWithRestaurantObject.h in Headers */ = {isa = PBXBuildFile; fileRef = 3D825F111B6BB7AA007783D7 /* RestaurantCDObject+InitWithRestaurantObject.h */; settings = {ATTRIBUTES = (Public, ); }; };
		3DE2E85C1B7A9088005E71C6 /* WikiArticle.h in Headers */ = {isa = PBXBuildFile; fileRef = 72FEAD7F1B697C4400F0FF33 /* WikiArticle.h */; settings = {ATTRIBUTES = (Public, ); }; };
		3DE2E85E1B7A9101005E71C6 /* FourSquareAPIClient.h in Headers */ = {isa = PBXBuildFile; fileRef = DBE4F9A71B6BE26200569F7D /* FourSquareAPIClient.h */; settings = {ATTRIBUTES = (Public, ); }; };
		3DE2E85F1B7A9101005E71C6 /* WikiAPIClient.h in Headers */ = {isa = PBXBuildFile; fileRef = 72FEAD7D1B697C4400F0FF33 /* WikiAPIClient.h */; settings = {ATTRIBUTES = (Public, ); }; };
		3DE2E8601B7A9122005E71C6 /* Constants.m in Sources */ = {isa = PBXBuildFile; fileRef = DB416F441B697D3800A1E41B /* Constants.m */; };
		3DE2E8611B7A9122005E71C6 /* FourSquareAPIClient.m in Sources */ = {isa = PBXBuildFile; fileRef = DBE4F9A81B6BE26200569F7D /* FourSquareAPIClient.m */; };
		3DE2E8621B7A9122005E71C6 /* WikiAPIClient.m in Sources */ = {isa = PBXBuildFile; fileRef = 72FEAD7E1B697C4400F0FF33 /* WikiAPIClient.m */; };
		3DE2E8631B7A9122005E71C6 /* DataStore.m in Sources */ = {isa = PBXBuildFile; fileRef = 3DDD993B1B6A7C2F00178632 /* DataStore.m */; };
		3DE2E8641B7A9122005E71C6 /* RestaurantCDObject.m in Sources */ = {isa = PBXBuildFile; fileRef = 3DEA3B331B6FEDEA00D4022B /* RestaurantCDObject.m */; };
		3DE2E8651B7A9122005E71C6 /* Restaurant.m in Sources */ = {isa = PBXBuildFile; fileRef = DB416F471B697DDA00A1E41B /* Restaurant.m */; };
		3DE2E8661B7A9122005E71C6 /* RestaurantCDObject+InitWithRestaurantObject.m in Sources */ = {isa = PBXBuildFile; fileRef = 3D825F121B6BB7AA007783D7 /* RestaurantCDObject+InitWithRestaurantObject.m */; };
		3DE2E8671B7A9122005E71C6 /* WikiArticle.m in Sources */ = {isa = PBXBuildFile; fileRef = 72FEAD801B697C4400F0FF33 /* WikiArticle.m */; };
		3DEA3B371B6FF0CD00D4022B /* DollarSignTableViewController.m in Sources */ = {isa = PBXBuildFile; fileRef = 3DEA3B361B6FF0CD00D4022B /* DollarSignTableViewController.m */; };
		63C8B38244F3ABD6D75E8AB9 /* libPods-TrailMix.a in Frameworks */ = {isa = PBXBuildFile; fileRef = D40E02762E4FD5B07430F174 /* libPods-TrailMix.a */; };
		72A9DDA61B6FECE600870BD7 /* WikiTableViewController.m in Sources */ = {isa = PBXBuildFile; fileRef = 72A9DDA31B6FECE600870BD7 /* WikiTableViewController.m */; };
		72A9DDA71B6FECE600870BD7 /* WikiWebViewController.m in Sources */ = {isa = PBXBuildFile; fileRef = 72A9DDA51B6FECE600870BD7 /* WikiWebViewController.m */; };
		72DA65931B73D86E00B35DBB /* WikiCollectionViewController.m in Sources */ = {isa = PBXBuildFile; fileRef = 72DA65921B73D86E00B35DBB /* WikiCollectionViewController.m */; };
		72DA65961B74F47700B35DBB /* WikiCollectionViewCell.m in Sources */ = {isa = PBXBuildFile; fileRef = 72DA65951B74F47700B35DBB /* WikiCollectionViewCell.m */; };
		72F9A3361B69681B00E8494F /* main.m in Sources */ = {isa = PBXBuildFile; fileRef = 72F9A3351B69681B00E8494F /* main.m */; };
		72F9A3391B69681B00E8494F /* AppDelegate.m in Sources */ = {isa = PBXBuildFile; fileRef = 72F9A3381B69681B00E8494F /* AppDelegate.m */; };
		72F9A33F1B69681B00E8494F /* Main.storyboard in Resources */ = {isa = PBXBuildFile; fileRef = 72F9A33D1B69681B00E8494F /* Main.storyboard */; };
		72F9A3411B69681B00E8494F /* Images.xcassets in Resources */ = {isa = PBXBuildFile; fileRef = 72F9A3401B69681B00E8494F /* Images.xcassets */; };
		72F9A3441B69681B00E8494F /* LaunchScreen.xib in Resources */ = {isa = PBXBuildFile; fileRef = 72F9A3421B69681B00E8494F /* LaunchScreen.xib */; };
		72F9A3501B69681C00E8494F /* TrailMixTests.m in Sources */ = {isa = PBXBuildFile; fileRef = 72F9A34F1B69681C00E8494F /* TrailMixTests.m */; };
		992C1C199304317AFAF304E8 /* libPods-TrailMixFramework.a in Frameworks */ = {isa = PBXBuildFile; fileRef = D9C5B914D19B61A999B76939 /* libPods-TrailMixFramework.a */; };
		DBB6CE1F1B73CDED00FA0D81 /* FilterViewController.m in Sources */ = {isa = PBXBuildFile; fileRef = DBB6CE1E1B73CDED00FA0D81 /* FilterViewController.m */; };
		DBF444EC1B726B0C00B97BAD /* New.storyboard in Resources */ = {isa = PBXBuildFile; fileRef = DBF444EB1B726B0C00B97BAD /* New.storyboard */; };
		DBF444EF1B728A5C00B97BAD /* TravelTimeViewController.m in Sources */ = {isa = PBXBuildFile; fileRef = DBF444EE1B728A5C00B97BAD /* TravelTimeViewController.m */; };
/* End PBXBuildFile section */

/* Begin PBXContainerItemProxy section */
		3DE2E81D1B7A7F6F005E71C6 /* PBXContainerItemProxy */ = {
			isa = PBXContainerItemProxy;
			containerPortal = 72F9A3281B69681B00E8494F /* Project object */;
			proxyType = 1;
			remoteGlobalIDString = 3DE2E81A1B7A7F6F005E71C6;
			remoteInfo = "TrailMix WatchKit App";
		};
		3DE2E8271B7A7F6F005E71C6 /* PBXContainerItemProxy */ = {
			isa = PBXContainerItemProxy;
			containerPortal = 72F9A3281B69681B00E8494F /* Project object */;
			proxyType = 1;
			remoteGlobalIDString = 3DE2E80B1B7A7F6F005E71C6;
			remoteInfo = "TrailMix WatchKit Extension";
		};
		3DE2E8421B7A802F005E71C6 /* PBXContainerItemProxy */ = {
			isa = PBXContainerItemProxy;
			containerPortal = 72F9A3281B69681B00E8494F /* Project object */;
			proxyType = 1;
			remoteGlobalIDString = 3DE2E8351B7A802F005E71C6;
			remoteInfo = TrailMixFramework;
		};
		3DE2E8441B7A802F005E71C6 /* PBXContainerItemProxy */ = {
			isa = PBXContainerItemProxy;
			containerPortal = 72F9A3281B69681B00E8494F /* Project object */;
			proxyType = 1;
			remoteGlobalIDString = 72F9A32F1B69681B00E8494F;
			remoteInfo = TrailMix;
		};
		3DE2E84B1B7A802F005E71C6 /* PBXContainerItemProxy */ = {
			isa = PBXContainerItemProxy;
			containerPortal = 72F9A3281B69681B00E8494F /* Project object */;
			proxyType = 1;
			remoteGlobalIDString = 3DE2E8351B7A802F005E71C6;
			remoteInfo = TrailMixFramework;
		};
		72F9A34A1B69681C00E8494F /* PBXContainerItemProxy */ = {
			isa = PBXContainerItemProxy;
			containerPortal = 72F9A3281B69681B00E8494F /* Project object */;
			proxyType = 1;
			remoteGlobalIDString = 72F9A32F1B69681B00E8494F;
			remoteInfo = TrailMix;
		};
/* End PBXContainerItemProxy section */

/* Begin PBXCopyFilesBuildPhase section */
		3DE2E8301B7A7F6F005E71C6 /* Embed App Extensions */ = {
			isa = PBXCopyFilesBuildPhase;
			buildActionMask = 2147483647;
			dstPath = "";
			dstSubfolderSpec = 13;
			files = (
				3DE2E8291B7A7F6F005E71C6 /* TrailMix WatchKit Extension.appex in Embed App Extensions */,
			);
			name = "Embed App Extensions";
			runOnlyForDeploymentPostprocessing = 0;
		};
		3DE2E8521B7A802F005E71C6 /* Embed Frameworks */ = {
			isa = PBXCopyFilesBuildPhase;
			buildActionMask = 2147483647;
			dstPath = "";
			dstSubfolderSpec = 10;
			files = (
				3DE2E84E1B7A802F005E71C6 /* TrailMixFramework.framework in Embed Frameworks */,
			);
			name = "Embed Frameworks";
			runOnlyForDeploymentPostprocessing = 0;
		};
/* End PBXCopyFilesBuildPhase section */

/* Begin PBXFileReference section */
		2BEC84171143140FF8DED365 /* Pods-TrailMix.release.xcconfig */ = {isa = PBXFileReference; includeInIndex = 1; lastKnownFileType = text.xcconfig; name = "Pods-TrailMix.release.xcconfig"; path = "Pods/Target Support Files/Pods-TrailMix/Pods-TrailMix.release.xcconfig"; sourceTree = "<group>"; };
		3D5FE54E1B7AA5C30040B31B /* TrailMix.entitlements */ = {isa = PBXFileReference; lastKnownFileType = text.xml; path = TrailMix.entitlements; sourceTree = "<group>"; };
		3D5FE54F1B7AA5DB0040B31B /* TrailMix WatchKit Extension.entitlements */ = {isa = PBXFileReference; lastKnownFileType = text.xml; path = "TrailMix WatchKit Extension.entitlements"; sourceTree = "<group>"; };
		3D825F111B6BB7AA007783D7 /* RestaurantCDObject+InitWithRestaurantObject.h */ = {isa = PBXFileReference; fileEncoding = 4; lastKnownFileType = sourcecode.c.h; name = "RestaurantCDObject+InitWithRestaurantObject.h"; path = "Models/RestaurantCDObject+InitWithRestaurantObject.h"; sourceTree = "<group>"; };
		3D825F121B6BB7AA007783D7 /* RestaurantCDObject+InitWithRestaurantObject.m */ = {isa = PBXFileReference; fileEncoding = 4; lastKnownFileType = sourcecode.c.objc; name = "RestaurantCDObject+InitWithRestaurantObject.m"; path = "Models/RestaurantCDObject+InitWithRestaurantObject.m"; sourceTree = "<group>"; };
		3DA6ADAB1B6977400022EF4D /* NaviViewController.h */ = {isa = PBXFileReference; fileEncoding = 4; lastKnownFileType = sourcecode.c.h; name = NaviViewController.h; path = Controllers/NaviViewController.h; sourceTree = "<group>"; };
		3DA6ADAC1B6977400022EF4D /* NaviViewController.m */ = {isa = PBXFileReference; fileEncoding = 4; lastKnownFileType = sourcecode.c.objc; name = NaviViewController.m; path = Controllers/NaviViewController.m; sourceTree = "<group>"; };
		3DDD99311B6A740600178632 /* DurationPickerViewController.h */ = {isa = PBXFileReference; fileEncoding = 4; lastKnownFileType = sourcecode.c.h; path = DurationPickerViewController.h; sourceTree = "<group>"; };
		3DDD99321B6A740600178632 /* DurationPickerViewController.m */ = {isa = PBXFileReference; fileEncoding = 4; lastKnownFileType = sourcecode.c.objc; path = DurationPickerViewController.m; sourceTree = "<group>"; };
		3DDD99341B6A761B00178632 /* RestaurantPreferenceTableViewController.h */ = {isa = PBXFileReference; fileEncoding = 4; lastKnownFileType = sourcecode.c.h; path = RestaurantPreferenceTableViewController.h; sourceTree = "<group>"; };
		3DDD99351B6A761B00178632 /* RestaurantPreferenceTableViewController.m */ = {isa = PBXFileReference; fileEncoding = 4; lastKnownFileType = sourcecode.c.objc; path = RestaurantPreferenceTableViewController.m; sourceTree = "<group>"; };
		3DDD99381B6A7C1100178632 /* TrailMix.xcdatamodel */ = {isa = PBXFileReference; lastKnownFileType = wrapper.xcdatamodel; path = TrailMix.xcdatamodel; sourceTree = "<group>"; };
		3DDD993A1B6A7C2F00178632 /* DataStore.h */ = {isa = PBXFileReference; fileEncoding = 4; lastKnownFileType = sourcecode.c.h; path = DataStore.h; sourceTree = "<group>"; };
		3DDD993B1B6A7C2F00178632 /* DataStore.m */ = {isa = PBXFileReference; fileEncoding = 4; lastKnownFileType = sourcecode.c.objc; path = DataStore.m; sourceTree = "<group>"; };
		3DDD993D1B6AC24D00178632 /* RestaurantTypeTableViewController.h */ = {isa = PBXFileReference; fileEncoding = 4; lastKnownFileType = sourcecode.c.h; path = RestaurantTypeTableViewController.h; sourceTree = "<group>"; };
		3DDD993E1B6AC24D00178632 /* RestaurantTypeTableViewController.m */ = {isa = PBXFileReference; fileEncoding = 4; lastKnownFileType = sourcecode.c.objc; path = RestaurantTypeTableViewController.m; sourceTree = "<group>"; };
		3DE2E80C1B7A7F6F005E71C6 /* TrailMix WatchKit Extension.appex */ = {isa = PBXFileReference; explicitFileType = "wrapper.app-extension"; includeInIndex = 0; path = "TrailMix WatchKit Extension.appex"; sourceTree = BUILT_PRODUCTS_DIR; };
		3DE2E80F1B7A7F6F005E71C6 /* Info.plist */ = {isa = PBXFileReference; lastKnownFileType = text.plist.xml; path = Info.plist; sourceTree = "<group>"; };
		3DE2E8101B7A7F6F005E71C6 /* PushNotificationPayload.apns */ = {isa = PBXFileReference; lastKnownFileType = text; path = PushNotificationPayload.apns; sourceTree = "<group>"; };
		3DE2E8111B7A7F6F005E71C6 /* InterfaceController.h */ = {isa = PBXFileReference; lastKnownFileType = sourcecode.c.h; path = InterfaceController.h; sourceTree = "<group>"; };
		3DE2E8121B7A7F6F005E71C6 /* InterfaceController.m */ = {isa = PBXFileReference; lastKnownFileType = sourcecode.c.objc; path = InterfaceController.m; sourceTree = "<group>"; };
		3DE2E8141B7A7F6F005E71C6 /* NotificationController.h */ = {isa = PBXFileReference; lastKnownFileType = sourcecode.c.h; path = NotificationController.h; sourceTree = "<group>"; };
		3DE2E8151B7A7F6F005E71C6 /* NotificationController.m */ = {isa = PBXFileReference; lastKnownFileType = sourcecode.c.objc; path = NotificationController.m; sourceTree = "<group>"; };
		3DE2E8171B7A7F6F005E71C6 /* Images.xcassets */ = {isa = PBXFileReference; lastKnownFileType = folder.assetcatalog; path = Images.xcassets; sourceTree = "<group>"; };
		3DE2E81B1B7A7F6F005E71C6 /* TrailMix WatchKit App.app */ = {isa = PBXFileReference; explicitFileType = wrapper.application; includeInIndex = 0; path = "TrailMix WatchKit App.app"; sourceTree = BUILT_PRODUCTS_DIR; };
		3DE2E8211B7A7F6F005E71C6 /* Info.plist */ = {isa = PBXFileReference; lastKnownFileType = text.plist.xml; path = Info.plist; sourceTree = "<group>"; };
		3DE2E8231B7A7F6F005E71C6 /* Base */ = {isa = PBXFileReference; lastKnownFileType = file.storyboard; name = Base; path = Base.lproj/Interface.storyboard; sourceTree = "<group>"; };
		3DE2E8251B7A7F6F005E71C6 /* Images.xcassets */ = {isa = PBXFileReference; lastKnownFileType = folder.assetcatalog; path = Images.xcassets; sourceTree = "<group>"; };
		3DE2E8361B7A802F005E71C6 /* TrailMixFramework.framework */ = {isa = PBXFileReference; explicitFileType = wrapper.framework; includeInIndex = 0; path = TrailMixFramework.framework; sourceTree = BUILT_PRODUCTS_DIR; };
		3DE2E8391B7A802F005E71C6 /* Info.plist */ = {isa = PBXFileReference; lastKnownFileType = text.plist.xml; path = Info.plist; sourceTree = "<group>"; };
		3DE2E83A1B7A802F005E71C6 /* TrailMixFramework.h */ = {isa = PBXFileReference; lastKnownFileType = sourcecode.c.h; path = TrailMixFramework.h; sourceTree = "<group>"; };
		3DE2E8401B7A802F005E71C6 /* TrailMixFrameworkTests.xctest */ = {isa = PBXFileReference; explicitFileType = wrapper.cfbundle; includeInIndex = 0; path = TrailMixFrameworkTests.xctest; sourceTree = BUILT_PRODUCTS_DIR; };
		3DE2E8481B7A802F005E71C6 /* Info.plist */ = {isa = PBXFileReference; lastKnownFileType = text.plist.xml; path = Info.plist; sourceTree = "<group>"; };
		3DE2E8491B7A802F005E71C6 /* TrailMixFrameworkTests.m */ = {isa = PBXFileReference; lastKnownFileType = sourcecode.c.objc; path = TrailMixFrameworkTests.m; sourceTree = "<group>"; };
		3DEA3B321B6FEDEA00D4022B /* RestaurantCDObject.h */ = {isa = PBXFileReference; fileEncoding = 4; lastKnownFileType = sourcecode.c.h; name = RestaurantCDObject.h; path = Models/RestaurantCDObject.h; sourceTree = "<group>"; };
		3DEA3B331B6FEDEA00D4022B /* RestaurantCDObject.m */ = {isa = PBXFileReference; fileEncoding = 4; lastKnownFileType = sourcecode.c.objc; name = RestaurantCDObject.m; path = Models/RestaurantCDObject.m; sourceTree = "<group>"; };
		3DEA3B351B6FF0CD00D4022B /* DollarSignTableViewController.h */ = {isa = PBXFileReference; fileEncoding = 4; lastKnownFileType = sourcecode.c.h; name = DollarSignTableViewController.h; path = Controllers/DollarSignTableViewController.h; sourceTree = "<group>"; };
		3DEA3B361B6FF0CD00D4022B /* DollarSignTableViewController.m */ = {isa = PBXFileReference; fileEncoding = 4; lastKnownFileType = sourcecode.c.objc; name = DollarSignTableViewController.m; path = Controllers/DollarSignTableViewController.m; sourceTree = "<group>"; };
		6AF1828410F2C380D0413C43 /* Pods-TrailMixFramework.release.xcconfig */ = {isa = PBXFileReference; includeInIndex = 1; lastKnownFileType = text.xcconfig; name = "Pods-TrailMixFramework.release.xcconfig"; path = "Pods/Target Support Files/Pods-TrailMixFramework/Pods-TrailMixFramework.release.xcconfig"; sourceTree = "<group>"; };
		72A9DDA21B6FECE600870BD7 /* WikiTableViewController.h */ = {isa = PBXFileReference; fileEncoding = 4; lastKnownFileType = sourcecode.c.h; path = WikiTableViewController.h; sourceTree = "<group>"; };
		72A9DDA31B6FECE600870BD7 /* WikiTableViewController.m */ = {isa = PBXFileReference; fileEncoding = 4; lastKnownFileType = sourcecode.c.objc; path = WikiTableViewController.m; sourceTree = "<group>"; };
		72A9DDA41B6FECE600870BD7 /* WikiWebViewController.h */ = {isa = PBXFileReference; fileEncoding = 4; lastKnownFileType = sourcecode.c.h; path = WikiWebViewController.h; sourceTree = "<group>"; };
		72A9DDA51B6FECE600870BD7 /* WikiWebViewController.m */ = {isa = PBXFileReference; fileEncoding = 4; lastKnownFileType = sourcecode.c.objc; path = WikiWebViewController.m; sourceTree = "<group>"; };
		72DA65911B73D86E00B35DBB /* WikiCollectionViewController.h */ = {isa = PBXFileReference; fileEncoding = 4; lastKnownFileType = sourcecode.c.h; path = WikiCollectionViewController.h; sourceTree = "<group>"; };
		72DA65921B73D86E00B35DBB /* WikiCollectionViewController.m */ = {isa = PBXFileReference; fileEncoding = 4; lastKnownFileType = sourcecode.c.objc; path = WikiCollectionViewController.m; sourceTree = "<group>"; };
		72DA65941B74F47700B35DBB /* WikiCollectionViewCell.h */ = {isa = PBXFileReference; fileEncoding = 4; lastKnownFileType = sourcecode.c.h; path = WikiCollectionViewCell.h; sourceTree = "<group>"; };
		72DA65951B74F47700B35DBB /* WikiCollectionViewCell.m */ = {isa = PBXFileReference; fileEncoding = 4; lastKnownFileType = sourcecode.c.objc; path = WikiCollectionViewCell.m; sourceTree = "<group>"; };
		72F9A3301B69681B00E8494F /* TrailMix.app */ = {isa = PBXFileReference; explicitFileType = wrapper.application; includeInIndex = 0; path = TrailMix.app; sourceTree = BUILT_PRODUCTS_DIR; };
		72F9A3341B69681B00E8494F /* Info.plist */ = {isa = PBXFileReference; lastKnownFileType = text.plist.xml; path = Info.plist; sourceTree = "<group>"; };
		72F9A3351B69681B00E8494F /* main.m */ = {isa = PBXFileReference; lastKnownFileType = sourcecode.c.objc; path = main.m; sourceTree = "<group>"; };
		72F9A3371B69681B00E8494F /* AppDelegate.h */ = {isa = PBXFileReference; lastKnownFileType = sourcecode.c.h; path = AppDelegate.h; sourceTree = "<group>"; };
		72F9A3381B69681B00E8494F /* AppDelegate.m */ = {isa = PBXFileReference; lastKnownFileType = sourcecode.c.objc; path = AppDelegate.m; sourceTree = "<group>"; };
		72F9A33E1B69681B00E8494F /* Base */ = {isa = PBXFileReference; lastKnownFileType = file.storyboard; name = Base; path = Base.lproj/Main.storyboard; sourceTree = "<group>"; };
		72F9A3401B69681B00E8494F /* Images.xcassets */ = {isa = PBXFileReference; lastKnownFileType = folder.assetcatalog; path = Images.xcassets; sourceTree = "<group>"; };
		72F9A3431B69681B00E8494F /* Base */ = {isa = PBXFileReference; lastKnownFileType = file.xib; name = Base; path = Base.lproj/LaunchScreen.xib; sourceTree = "<group>"; };
		72F9A3491B69681C00E8494F /* TrailMixTests.xctest */ = {isa = PBXFileReference; explicitFileType = wrapper.cfbundle; includeInIndex = 0; path = TrailMixTests.xctest; sourceTree = BUILT_PRODUCTS_DIR; };
		72F9A34E1B69681C00E8494F /* Info.plist */ = {isa = PBXFileReference; lastKnownFileType = text.plist.xml; path = Info.plist; sourceTree = "<group>"; };
		72F9A34F1B69681C00E8494F /* TrailMixTests.m */ = {isa = PBXFileReference; lastKnownFileType = sourcecode.c.objc; path = TrailMixTests.m; sourceTree = "<group>"; };
		72FEAD7D1B697C4400F0FF33 /* WikiAPIClient.h */ = {isa = PBXFileReference; fileEncoding = 4; lastKnownFileType = sourcecode.c.h; name = WikiAPIClient.h; path = ../TrailMix/WikiAPIClient.h; sourceTree = "<group>"; };
		72FEAD7E1B697C4400F0FF33 /* WikiAPIClient.m */ = {isa = PBXFileReference; fileEncoding = 4; lastKnownFileType = sourcecode.c.objc; name = WikiAPIClient.m; path = ../TrailMix/WikiAPIClient.m; sourceTree = "<group>"; };
		72FEAD7F1B697C4400F0FF33 /* WikiArticle.h */ = {isa = PBXFileReference; fileEncoding = 4; lastKnownFileType = sourcecode.c.h; path = WikiArticle.h; sourceTree = "<group>"; };
		72FEAD801B697C4400F0FF33 /* WikiArticle.m */ = {isa = PBXFileReference; fileEncoding = 4; lastKnownFileType = sourcecode.c.objc; path = WikiArticle.m; sourceTree = "<group>"; };
		94130C764D58DA78B6D289DE /* Pods-TrailMixFramework.debug.xcconfig */ = {isa = PBXFileReference; includeInIndex = 1; lastKnownFileType = text.xcconfig; name = "Pods-TrailMixFramework.debug.xcconfig"; path = "Pods/Target Support Files/Pods-TrailMixFramework/Pods-TrailMixFramework.debug.xcconfig"; sourceTree = "<group>"; };
		A4F8ED7375ED3F133E3C75AE /* Pods-TrailMix.debug.xcconfig */ = {isa = PBXFileReference; includeInIndex = 1; lastKnownFileType = text.xcconfig; name = "Pods-TrailMix.debug.xcconfig"; path = "Pods/Target Support Files/Pods-TrailMix/Pods-TrailMix.debug.xcconfig"; sourceTree = "<group>"; };
		D40E02762E4FD5B07430F174 /* libPods-TrailMix.a */ = {isa = PBXFileReference; explicitFileType = archive.ar; includeInIndex = 0; path = "libPods-TrailMix.a"; sourceTree = BUILT_PRODUCTS_DIR; };
		D9C5B914D19B61A999B76939 /* libPods-TrailMixFramework.a */ = {isa = PBXFileReference; explicitFileType = archive.ar; includeInIndex = 0; path = "libPods-TrailMixFramework.a"; sourceTree = BUILT_PRODUCTS_DIR; };
		DB416F401B697D2B00A1E41B /* YelpAPIClient.h */ = {isa = PBXFileReference; fileEncoding = 4; lastKnownFileType = sourcecode.c.h; path = YelpAPIClient.h; sourceTree = "<group>"; };
		DB416F411B697D2B00A1E41B /* YelpAPIClient.m */ = {isa = PBXFileReference; fileEncoding = 4; lastKnownFileType = sourcecode.c.objc; path = YelpAPIClient.m; sourceTree = "<group>"; };
		DB416F431B697D3800A1E41B /* Constants.h */ = {isa = PBXFileReference; fileEncoding = 4; lastKnownFileType = sourcecode.c.h; name = Constants.h; path = ../TrailMix/Constants.h; sourceTree = "<group>"; };
		DB416F441B697D3800A1E41B /* Constants.m */ = {isa = PBXFileReference; fileEncoding = 4; lastKnownFileType = sourcecode.c.objc; name = Constants.m; path = ../TrailMix/Constants.m; sourceTree = "<group>"; };
		DB416F461B697DDA00A1E41B /* Restaurant.h */ = {isa = PBXFileReference; fileEncoding = 4; lastKnownFileType = sourcecode.c.h; path = Restaurant.h; sourceTree = "<group>"; };
		DB416F471B697DDA00A1E41B /* Restaurant.m */ = {isa = PBXFileReference; fileEncoding = 4; lastKnownFileType = sourcecode.c.objc; path = Restaurant.m; sourceTree = "<group>"; };
		DBB6CE1D1B73CDED00FA0D81 /* FilterViewController.h */ = {isa = PBXFileReference; fileEncoding = 4; lastKnownFileType = sourcecode.c.h; path = FilterViewController.h; sourceTree = "<group>"; };
		DBB6CE1E1B73CDED00FA0D81 /* FilterViewController.m */ = {isa = PBXFileReference; fileEncoding = 4; lastKnownFileType = sourcecode.c.objc; path = FilterViewController.m; sourceTree = "<group>"; };
		DBE4F9A71B6BE26200569F7D /* FourSquareAPIClient.h */ = {isa = PBXFileReference; fileEncoding = 4; lastKnownFileType = sourcecode.c.h; name = FourSquareAPIClient.h; path = ../TrailMix/FourSquareAPIClient.h; sourceTree = "<group>"; };
		DBE4F9A81B6BE26200569F7D /* FourSquareAPIClient.m */ = {isa = PBXFileReference; fileEncoding = 4; lastKnownFileType = sourcecode.c.objc; name = FourSquareAPIClient.m; path = ../TrailMix/FourSquareAPIClient.m; sourceTree = "<group>"; };
		DBF444EB1B726B0C00B97BAD /* New.storyboard */ = {isa = PBXFileReference; fileEncoding = 4; lastKnownFileType = file.storyboard; path = New.storyboard; sourceTree = "<group>"; };
		DBF444ED1B728A5C00B97BAD /* TravelTimeViewController.h */ = {isa = PBXFileReference; fileEncoding = 4; lastKnownFileType = sourcecode.c.h; path = TravelTimeViewController.h; sourceTree = "<group>"; };
		DBF444EE1B728A5C00B97BAD /* TravelTimeViewController.m */ = {isa = PBXFileReference; fileEncoding = 4; lastKnownFileType = sourcecode.c.objc; path = TravelTimeViewController.m; sourceTree = "<group>"; };
/* End PBXFileReference section */

/* Begin PBXFrameworksBuildPhase section */
		3DE2E8091B7A7F6F005E71C6 /* Frameworks */ = {
			isa = PBXFrameworksBuildPhase;
			buildActionMask = 2147483647;
			files = (
			);
			runOnlyForDeploymentPostprocessing = 0;
		};
		3DE2E8321B7A802F005E71C6 /* Frameworks */ = {
			isa = PBXFrameworksBuildPhase;
			buildActionMask = 2147483647;
			files = (
				992C1C199304317AFAF304E8 /* libPods-TrailMixFramework.a in Frameworks */,
			);
			runOnlyForDeploymentPostprocessing = 0;
		};
		3DE2E83D1B7A802F005E71C6 /* Frameworks */ = {
			isa = PBXFrameworksBuildPhase;
			buildActionMask = 2147483647;
			files = (
				3DE2E8411B7A802F005E71C6 /* TrailMixFramework.framework in Frameworks */,
			);
			runOnlyForDeploymentPostprocessing = 0;
		};
		72F9A32D1B69681B00E8494F /* Frameworks */ = {
			isa = PBXFrameworksBuildPhase;
			buildActionMask = 2147483647;
			files = (
				63C8B38244F3ABD6D75E8AB9 /* libPods-TrailMix.a in Frameworks */,
				3DE2E84D1B7A802F005E71C6 /* TrailMixFramework.framework in Frameworks */,
			);
			runOnlyForDeploymentPostprocessing = 0;
		};
		72F9A3461B69681C00E8494F /* Frameworks */ = {
			isa = PBXFrameworksBuildPhase;
			buildActionMask = 2147483647;
			files = (
			);
			runOnlyForDeploymentPostprocessing = 0;
		};
/* End PBXFrameworksBuildPhase section */

/* Begin PBXGroup section */
		219C77F1C5161D6D24509109 /* Pods */ = {
			isa = PBXGroup;
			children = (
				A4F8ED7375ED3F133E3C75AE /* Pods-TrailMix.debug.xcconfig */,
				2BEC84171143140FF8DED365 /* Pods-TrailMix.release.xcconfig */,
				94130C764D58DA78B6D289DE /* Pods-TrailMixFramework.debug.xcconfig */,
				6AF1828410F2C380D0413C43 /* Pods-TrailMixFramework.release.xcconfig */,
			);
			name = Pods;
			sourceTree = "<group>";
		};
		3D22232D1B696C9200788C41 /* Views */ = {
			isa = PBXGroup;
			children = (
				72DA65941B74F47700B35DBB /* WikiCollectionViewCell.h */,
				72DA65951B74F47700B35DBB /* WikiCollectionViewCell.m */,
				72F9A33D1B69681B00E8494F /* Main.storyboard */,
				DBF444EB1B726B0C00B97BAD /* New.storyboard */,
			);
			name = Views;
			sourceTree = "<group>";
		};
		3D22232E1B696C9B00788C41 /* Controllers */ = {
			isa = PBXGroup;
			children = (
				3DA6ADAB1B6977400022EF4D /* NaviViewController.h */,
				3DA6ADAC1B6977400022EF4D /* NaviViewController.m */,
				DB416F401B697D2B00A1E41B /* YelpAPIClient.h */,
				DB416F411B697D2B00A1E41B /* YelpAPIClient.m */,
				3DDD99311B6A740600178632 /* DurationPickerViewController.h */,
				3DDD99321B6A740600178632 /* DurationPickerViewController.m */,
				3DDD99341B6A761B00178632 /* RestaurantPreferenceTableViewController.h */,
				3DDD99351B6A761B00178632 /* RestaurantPreferenceTableViewController.m */,
				72A9DDA21B6FECE600870BD7 /* WikiTableViewController.h */,
				72A9DDA31B6FECE600870BD7 /* WikiTableViewController.m */,
				72DA65911B73D86E00B35DBB /* WikiCollectionViewController.h */,
				72DA65921B73D86E00B35DBB /* WikiCollectionViewController.m */,
				72A9DDA41B6FECE600870BD7 /* WikiWebViewController.h */,
				72A9DDA51B6FECE600870BD7 /* WikiWebViewController.m */,
				3DEA3B351B6FF0CD00D4022B /* DollarSignTableViewController.h */,
				3DEA3B361B6FF0CD00D4022B /* DollarSignTableViewController.m */,
				3DDD993D1B6AC24D00178632 /* RestaurantTypeTableViewController.h */,
				3DDD993E1B6AC24D00178632 /* RestaurantTypeTableViewController.m */,
				DBB6CE1D1B73CDED00FA0D81 /* FilterViewController.h */,
				DBB6CE1E1B73CDED00FA0D81 /* FilterViewController.m */,
				DBF444ED1B728A5C00B97BAD /* TravelTimeViewController.h */,
				DBF444EE1B728A5C00B97BAD /* TravelTimeViewController.m */,
			);
			name = Controllers;
			sourceTree = "<group>";
		};
		3D22232F1B696CA200788C41 /* Models */ = {
			isa = PBXGroup;
			children = (
				3DEA3B321B6FEDEA00D4022B /* RestaurantCDObject.h */,
				3DEA3B331B6FEDEA00D4022B /* RestaurantCDObject.m */,
				DB416F461B697DDA00A1E41B /* Restaurant.h */,
				DB416F471B697DDA00A1E41B /* Restaurant.m */,
				3D825F111B6BB7AA007783D7 /* RestaurantCDObject+InitWithRestaurantObject.h */,
				3D825F121B6BB7AA007783D7 /* RestaurantCDObject+InitWithRestaurantObject.m */,
				72FEAD7F1B697C4400F0FF33 /* WikiArticle.h */,
				72FEAD801B697C4400F0FF33 /* WikiArticle.m */,
			);
			name = Models;
			path = ../TrailMix;
			sourceTree = "<group>";
		};
		3DDD99401B6AC50C00178632 /* CoreData */ = {
			isa = PBXGroup;
			children = (
				3DDD993A1B6A7C2F00178632 /* DataStore.h */,
				3DDD993B1B6A7C2F00178632 /* DataStore.m */,
				3DDD99371B6A7C1100178632 /* TrailMix.xcdatamodeld */,
			);
			name = CoreData;
			path = ../TrailMix;
			sourceTree = "<group>";
		};
		3DE2E80D1B7A7F6F005E71C6 /* TrailMix WatchKit Extension */ = {
			isa = PBXGroup;
			children = (
				3D5FE54F1B7AA5DB0040B31B /* TrailMix WatchKit Extension.entitlements */,
				3DE2E8111B7A7F6F005E71C6 /* InterfaceController.h */,
				3DE2E8121B7A7F6F005E71C6 /* InterfaceController.m */,
				3DE2E8141B7A7F6F005E71C6 /* NotificationController.h */,
				3DE2E8151B7A7F6F005E71C6 /* NotificationController.m */,
				3DE2E8171B7A7F6F005E71C6 /* Images.xcassets */,
				3DE2E80E1B7A7F6F005E71C6 /* Supporting Files */,
			);
			path = "TrailMix WatchKit Extension";
			sourceTree = "<group>";
		};
		3DE2E80E1B7A7F6F005E71C6 /* Supporting Files */ = {
			isa = PBXGroup;
			children = (
				3DE2E80F1B7A7F6F005E71C6 /* Info.plist */,
				3DE2E8101B7A7F6F005E71C6 /* PushNotificationPayload.apns */,
			);
			name = "Supporting Files";
			sourceTree = "<group>";
		};
		3DE2E81F1B7A7F6F005E71C6 /* TrailMix WatchKit App */ = {
			isa = PBXGroup;
			children = (
				3DE2E8221B7A7F6F005E71C6 /* Interface.storyboard */,
				3DE2E8251B7A7F6F005E71C6 /* Images.xcassets */,
				3DE2E8201B7A7F6F005E71C6 /* Supporting Files */,
			);
			path = "TrailMix WatchKit App";
			sourceTree = "<group>";
		};
		3DE2E8201B7A7F6F005E71C6 /* Supporting Files */ = {
			isa = PBXGroup;
			children = (
				3DE2E8211B7A7F6F005E71C6 /* Info.plist */,
			);
			name = "Supporting Files";
			sourceTree = "<group>";
		};
		3DE2E8371B7A802F005E71C6 /* TrailMixFramework */ = {
			isa = PBXGroup;
			children = (
				DB416F431B697D3800A1E41B /* Constants.h */,
				DB416F441B697D3800A1E41B /* Constants.m */,
				3DE2E85D1B7A90A5005E71C6 /* Controllers */,
				3DDD99401B6AC50C00178632 /* CoreData */,
				3D22232F1B696CA200788C41 /* Models */,
				3DE2E83A1B7A802F005E71C6 /* TrailMixFramework.h */,
				3DE2E8381B7A802F005E71C6 /* Supporting Files */,
			);
			path = TrailMixFramework;
			sourceTree = "<group>";
		};
		3DE2E8381B7A802F005E71C6 /* Supporting Files */ = {
			isa = PBXGroup;
			children = (
				3DE2E8391B7A802F005E71C6 /* Info.plist */,
			);
			name = "Supporting Files";
			sourceTree = "<group>";
		};
		3DE2E8461B7A802F005E71C6 /* TrailMixFrameworkTests */ = {
			isa = PBXGroup;
			children = (
				3DE2E8491B7A802F005E71C6 /* TrailMixFrameworkTests.m */,
				3DE2E8471B7A802F005E71C6 /* Supporting Files */,
			);
			path = TrailMixFrameworkTests;
			sourceTree = SOURCE_ROOT;
		};
		3DE2E8471B7A802F005E71C6 /* Supporting Files */ = {
			isa = PBXGroup;
			children = (
				3DE2E8481B7A802F005E71C6 /* Info.plist */,
			);
			name = "Supporting Files";
			sourceTree = "<group>";
		};
		3DE2E85D1B7A90A5005E71C6 /* Controllers */ = {
			isa = PBXGroup;
			children = (
				DBE4F9A71B6BE26200569F7D /* FourSquareAPIClient.h */,
				DBE4F9A81B6BE26200569F7D /* FourSquareAPIClient.m */,
				72FEAD7D1B697C4400F0FF33 /* WikiAPIClient.h */,
				72FEAD7E1B697C4400F0FF33 /* WikiAPIClient.m */,
			);
			name = Controllers;
			path = TrailMixFramework;
			sourceTree = SOURCE_ROOT;
		};
		72F9A3271B69681B00E8494F = {
			isa = PBXGroup;
			children = (
				72F9A3321B69681B00E8494F /* TrailMix */,
				72F9A34C1B69681C00E8494F /* TrailMixTests */,
				3DE2E8371B7A802F005E71C6 /* TrailMixFramework */,
				3DE2E8461B7A802F005E71C6 /* TrailMixFrameworkTests */,
				3DE2E80D1B7A7F6F005E71C6 /* TrailMix WatchKit Extension */,
				3DE2E81F1B7A7F6F005E71C6 /* TrailMix WatchKit App */,
				72F9A3311B69681B00E8494F /* Products */,
				219C77F1C5161D6D24509109 /* Pods */,
				D7939BA8A1B4EC7922792122 /* Frameworks */,
			);
			sourceTree = "<group>";
		};
		72F9A3311B69681B00E8494F /* Products */ = {
			isa = PBXGroup;
			children = (
				72F9A3301B69681B00E8494F /* TrailMix.app */,
				72F9A3491B69681C00E8494F /* TrailMixTests.xctest */,
				3DE2E80C1B7A7F6F005E71C6 /* TrailMix WatchKit Extension.appex */,
				3DE2E81B1B7A7F6F005E71C6 /* TrailMix WatchKit App.app */,
				3DE2E8361B7A802F005E71C6 /* TrailMixFramework.framework */,
				3DE2E8401B7A802F005E71C6 /* TrailMixFrameworkTests.xctest */,
			);
			name = Products;
			sourceTree = "<group>";
		};
		72F9A3321B69681B00E8494F /* TrailMix */ = {
			isa = PBXGroup;
			children = (
				3D5FE54E1B7AA5C30040B31B /* TrailMix.entitlements */,
				3D22232E1B696C9B00788C41 /* Controllers */,
				3D22232D1B696C9200788C41 /* Views */,
				72F9A3371B69681B00E8494F /* AppDelegate.h */,
				72F9A3381B69681B00E8494F /* AppDelegate.m */,
				72F9A3401B69681B00E8494F /* Images.xcassets */,
				72F9A3421B69681B00E8494F /* LaunchScreen.xib */,
				72F9A3331B69681B00E8494F /* Supporting Files */,
			);
			path = TrailMix;
			sourceTree = "<group>";
		};
		72F9A3331B69681B00E8494F /* Supporting Files */ = {
			isa = PBXGroup;
			children = (
				72F9A3341B69681B00E8494F /* Info.plist */,
				72F9A3351B69681B00E8494F /* main.m */,
			);
			name = "Supporting Files";
			sourceTree = "<group>";
		};
		72F9A34C1B69681C00E8494F /* TrailMixTests */ = {
			isa = PBXGroup;
			children = (
				72F9A34F1B69681C00E8494F /* TrailMixTests.m */,
				72F9A34D1B69681C00E8494F /* Supporting Files */,
			);
			path = TrailMixTests;
			sourceTree = "<group>";
		};
		72F9A34D1B69681C00E8494F /* Supporting Files */ = {
			isa = PBXGroup;
			children = (
				72F9A34E1B69681C00E8494F /* Info.plist */,
			);
			name = "Supporting Files";
			sourceTree = "<group>";
		};
		D7939BA8A1B4EC7922792122 /* Frameworks */ = {
			isa = PBXGroup;
			children = (
				D40E02762E4FD5B07430F174 /* libPods-TrailMix.a */,
				D9C5B914D19B61A999B76939 /* libPods-TrailMixFramework.a */,
			);
			name = Frameworks;
			sourceTree = "<group>";
		};
/* End PBXGroup section */

/* Begin PBXHeadersBuildPhase section */
		3DE2E8331B7A802F005E71C6 /* Headers */ = {
			isa = PBXHeadersBuildPhase;
			buildActionMask = 2147483647;
			files = (
				3DE2E83B1B7A802F005E71C6 /* TrailMixFramework.h in Headers */,
				3DE2E8571B7A9088005E71C6 /* Constants.h in Headers */,
				3DE2E8581B7A9088005E71C6 /* DataStore.h in Headers */,
				3DE2E8591B7A9088005E71C6 /* RestaurantCDObject.h in Headers */,
				3DE2E85A1B7A9088005E71C6 /* Restaurant.h in Headers */,
				3DE2E85B1B7A9088005E71C6 /* RestaurantCDObject+InitWithRestaurantObject.h in Headers */,
				3DE2E85C1B7A9088005E71C6 /* WikiArticle.h in Headers */,
				3DE2E85E1B7A9101005E71C6 /* FourSquareAPIClient.h in Headers */,
				3DE2E85F1B7A9101005E71C6 /* WikiAPIClient.h in Headers */,
			);
			runOnlyForDeploymentPostprocessing = 0;
		};
/* End PBXHeadersBuildPhase section */

/* Begin PBXNativeTarget section */
		3DE2E80B1B7A7F6F005E71C6 /* TrailMix WatchKit Extension */ = {
			isa = PBXNativeTarget;
			buildConfigurationList = 3DE2E82F1B7A7F6F005E71C6 /* Build configuration list for PBXNativeTarget "TrailMix WatchKit Extension" */;
			buildPhases = (
				3DE2E8081B7A7F6F005E71C6 /* Sources */,
				3DE2E8091B7A7F6F005E71C6 /* Frameworks */,
				3DE2E80A1B7A7F6F005E71C6 /* Resources */,
			);
			buildRules = (
			);
			dependencies = (
				3DE2E81E1B7A7F6F005E71C6 /* PBXTargetDependency */,
			);
			name = "TrailMix WatchKit Extension";
			productName = "TrailMix WatchKit Extension";
			productReference = 3DE2E80C1B7A7F6F005E71C6 /* TrailMix WatchKit Extension.appex */;
			productType = "com.apple.product-type.watchkit-extension";
		};
		3DE2E81A1B7A7F6F005E71C6 /* TrailMix WatchKit App */ = {
			isa = PBXNativeTarget;
			buildConfigurationList = 3DE2E82E1B7A7F6F005E71C6 /* Build configuration list for PBXNativeTarget "TrailMix WatchKit App" */;
			buildPhases = (
				3DE2E8191B7A7F6F005E71C6 /* Resources */,
			);
			buildRules = (
			);
			dependencies = (
			);
			name = "TrailMix WatchKit App";
			productName = "TrailMix WatchKit App";
			productReference = 3DE2E81B1B7A7F6F005E71C6 /* TrailMix WatchKit App.app */;
			productType = "com.apple.product-type.application.watchapp";
		};
		3DE2E8351B7A802F005E71C6 /* TrailMixFramework */ = {
			isa = PBXNativeTarget;
			buildConfigurationList = 3DE2E84F1B7A802F005E71C6 /* Build configuration list for PBXNativeTarget "TrailMixFramework" */;
			buildPhases = (
				038E63DD5B0452F8C9F63E61 /* Check Pods Manifest.lock */,
				3DE2E8311B7A802F005E71C6 /* Sources */,
				3DE2E8321B7A802F005E71C6 /* Frameworks */,
				3DE2E8331B7A802F005E71C6 /* Headers */,
				3DE2E8341B7A802F005E71C6 /* Resources */,
				FA4ED4E0A68109CDE4C64EDF /* Copy Pods Resources */,
			);
			buildRules = (
			);
			dependencies = (
			);
			name = TrailMixFramework;
			productName = TrailMixFramework;
			productReference = 3DE2E8361B7A802F005E71C6 /* TrailMixFramework.framework */;
			productType = "com.apple.product-type.framework";
		};
		3DE2E83F1B7A802F005E71C6 /* TrailMixFrameworkTests */ = {
			isa = PBXNativeTarget;
			buildConfigurationList = 3DE2E8531B7A802F005E71C6 /* Build configuration list for PBXNativeTarget "TrailMixFrameworkTests" */;
			buildPhases = (
				3DE2E83C1B7A802F005E71C6 /* Sources */,
				3DE2E83D1B7A802F005E71C6 /* Frameworks */,
				3DE2E83E1B7A802F005E71C6 /* Resources */,
			);
			buildRules = (
			);
			dependencies = (
				3DE2E8431B7A802F005E71C6 /* PBXTargetDependency */,
				3DE2E8451B7A802F005E71C6 /* PBXTargetDependency */,
			);
			name = TrailMixFrameworkTests;
			productName = TrailMixFrameworkTests;
			productReference = 3DE2E8401B7A802F005E71C6 /* TrailMixFrameworkTests.xctest */;
			productType = "com.apple.product-type.bundle.unit-test";
		};
		72F9A32F1B69681B00E8494F /* TrailMix */ = {
			isa = PBXNativeTarget;
			buildConfigurationList = 72F9A3531B69681C00E8494F /* Build configuration list for PBXNativeTarget "TrailMix" */;
			buildPhases = (
				F750A4D6EF7638BD57F948A2 /* Check Pods Manifest.lock */,
				72F9A32C1B69681B00E8494F /* Sources */,
				72F9A32D1B69681B00E8494F /* Frameworks */,
				72F9A32E1B69681B00E8494F /* Resources */,
				14D12014DB11408E014AE133 /* Copy Pods Resources */,
				3DE2E8301B7A7F6F005E71C6 /* Embed App Extensions */,
				3DE2E8521B7A802F005E71C6 /* Embed Frameworks */,
			);
			buildRules = (
			);
			dependencies = (
				3DE2E8281B7A7F6F005E71C6 /* PBXTargetDependency */,
				3DE2E84C1B7A802F005E71C6 /* PBXTargetDependency */,
			);
			name = TrailMix;
			productName = TrailMix;
			productReference = 72F9A3301B69681B00E8494F /* TrailMix.app */;
			productType = "com.apple.product-type.application";
		};
		72F9A3481B69681C00E8494F /* TrailMixTests */ = {
			isa = PBXNativeTarget;
			buildConfigurationList = 72F9A3561B69681C00E8494F /* Build configuration list for PBXNativeTarget "TrailMixTests" */;
			buildPhases = (
				72F9A3451B69681C00E8494F /* Sources */,
				72F9A3461B69681C00E8494F /* Frameworks */,
				72F9A3471B69681C00E8494F /* Resources */,
			);
			buildRules = (
			);
			dependencies = (
				72F9A34B1B69681C00E8494F /* PBXTargetDependency */,
			);
			name = TrailMixTests;
			productName = TrailMixTests;
			productReference = 72F9A3491B69681C00E8494F /* TrailMixTests.xctest */;
			productType = "com.apple.product-type.bundle.unit-test";
		};
/* End PBXNativeTarget section */

/* Begin PBXProject section */
		72F9A3281B69681B00E8494F /* Project object */ = {
			isa = PBXProject;
			attributes = {
				LastUpgradeCheck = 0640;
				ORGANIZATIONNAME = "Team Fax Machine";
				TargetAttributes = {
					3DE2E80B1B7A7F6F005E71C6 = {
						CreatedOnToolsVersion = 6.4;
						DevelopmentTeam = 4RAX8778CE;
						SystemCapabilities = {
							com.apple.ApplicationGroups.iOS = {
								enabled = 1;
							};
						};
					};
					3DE2E81A1B7A7F6F005E71C6 = {
						CreatedOnToolsVersion = 6.4;
					};
					3DE2E8351B7A802F005E71C6 = {
						CreatedOnToolsVersion = 6.4;
					};
					3DE2E83F1B7A802F005E71C6 = {
						CreatedOnToolsVersion = 6.4;
						TestTargetID = 72F9A32F1B69681B00E8494F;
					};
					72F9A32F1B69681B00E8494F = {
						CreatedOnToolsVersion = 6.4;
						DevelopmentTeam = 4RAX8778CE;
						SystemCapabilities = {
							com.apple.ApplicationGroups.iOS = {
								enabled = 1;
							};
						};
					};
					72F9A3481B69681C00E8494F = {
						CreatedOnToolsVersion = 6.4;
						TestTargetID = 72F9A32F1B69681B00E8494F;
					};
				};
			};
			buildConfigurationList = 72F9A32B1B69681B00E8494F /* Build configuration list for PBXProject "TrailMix" */;
			compatibilityVersion = "Xcode 3.2";
			developmentRegion = English;
			hasScannedForEncodings = 0;
			knownRegions = (
				en,
				Base,
			);
			mainGroup = 72F9A3271B69681B00E8494F;
			productRefGroup = 72F9A3311B69681B00E8494F /* Products */;
			projectDirPath = "";
			projectRoot = "";
			targets = (
				72F9A32F1B69681B00E8494F /* TrailMix */,
				72F9A3481B69681C00E8494F /* TrailMixTests */,
				3DE2E80B1B7A7F6F005E71C6 /* TrailMix WatchKit Extension */,
				3DE2E81A1B7A7F6F005E71C6 /* TrailMix WatchKit App */,
				3DE2E8351B7A802F005E71C6 /* TrailMixFramework */,
				3DE2E83F1B7A802F005E71C6 /* TrailMixFrameworkTests */,
			);
		};
/* End PBXProject section */

/* Begin PBXResourcesBuildPhase section */
		3DE2E80A1B7A7F6F005E71C6 /* Resources */ = {
			isa = PBXResourcesBuildPhase;
			buildActionMask = 2147483647;
			files = (
				3DE2E81C1B7A7F6F005E71C6 /* TrailMix WatchKit App.app in Resources */,
				3DE2E8181B7A7F6F005E71C6 /* Images.xcassets in Resources */,
			);
			runOnlyForDeploymentPostprocessing = 0;
		};
		3DE2E8191B7A7F6F005E71C6 /* Resources */ = {
			isa = PBXResourcesBuildPhase;
			buildActionMask = 2147483647;
			files = (
				3DE2E8241B7A7F6F005E71C6 /* Interface.storyboard in Resources */,
				3DE2E8261B7A7F6F005E71C6 /* Images.xcassets in Resources */,
			);
			runOnlyForDeploymentPostprocessing = 0;
		};
		3DE2E8341B7A802F005E71C6 /* Resources */ = {
			isa = PBXResourcesBuildPhase;
			buildActionMask = 2147483647;
			files = (
				3DE2E8561B7A8F89005E71C6 /* New.storyboard in Resources */,
			);
			runOnlyForDeploymentPostprocessing = 0;
		};
		3DE2E83E1B7A802F005E71C6 /* Resources */ = {
			isa = PBXResourcesBuildPhase;
			buildActionMask = 2147483647;
			files = (
			);
			runOnlyForDeploymentPostprocessing = 0;
		};
		72F9A32E1B69681B00E8494F /* Resources */ = {
			isa = PBXResourcesBuildPhase;
			buildActionMask = 2147483647;
			files = (
				72F9A33F1B69681B00E8494F /* Main.storyboard in Resources */,
				72F9A3441B69681B00E8494F /* LaunchScreen.xib in Resources */,
				72F9A3411B69681B00E8494F /* Images.xcassets in Resources */,
				DBF444EC1B726B0C00B97BAD /* New.storyboard in Resources */,
			);
			runOnlyForDeploymentPostprocessing = 0;
		};
		72F9A3471B69681C00E8494F /* Resources */ = {
			isa = PBXResourcesBuildPhase;
			buildActionMask = 2147483647;
			files = (
			);
			runOnlyForDeploymentPostprocessing = 0;
		};
/* End PBXResourcesBuildPhase section */

/* Begin PBXShellScriptBuildPhase section */
		038E63DD5B0452F8C9F63E61 /* Check Pods Manifest.lock */ = {
			isa = PBXShellScriptBuildPhase;
			buildActionMask = 2147483647;
			files = (
			);
			inputPaths = (
			);
			name = "Check Pods Manifest.lock";
			outputPaths = (
			);
			runOnlyForDeploymentPostprocessing = 0;
			shellPath = /bin/sh;
			shellScript = "diff \"${PODS_ROOT}/../Podfile.lock\" \"${PODS_ROOT}/Manifest.lock\" > /dev/null\nif [[ $? != 0 ]] ; then\n    cat << EOM\nerror: The sandbox is not in sync with the Podfile.lock. Run 'pod install' or update your CocoaPods installation.\nEOM\n    exit 1\nfi\n";
			showEnvVarsInLog = 0;
		};
		14D12014DB11408E014AE133 /* Copy Pods Resources */ = {
			isa = PBXShellScriptBuildPhase;
			buildActionMask = 2147483647;
			files = (
			);
			inputPaths = (
			);
			name = "Copy Pods Resources";
			outputPaths = (
			);
			runOnlyForDeploymentPostprocessing = 0;
			shellPath = /bin/sh;
			shellScript = "\"${SRCROOT}/Pods/Target Support Files/Pods-TrailMix/Pods-TrailMix-resources.sh\"\n";
			showEnvVarsInLog = 0;
		};
		F750A4D6EF7638BD57F948A2 /* Check Pods Manifest.lock */ = {
			isa = PBXShellScriptBuildPhase;
			buildActionMask = 2147483647;
			files = (
			);
			inputPaths = (
			);
			name = "Check Pods Manifest.lock";
			outputPaths = (
			);
			runOnlyForDeploymentPostprocessing = 0;
			shellPath = /bin/sh;
			shellScript = "diff \"${PODS_ROOT}/../Podfile.lock\" \"${PODS_ROOT}/Manifest.lock\" > /dev/null\nif [[ $? != 0 ]] ; then\n    cat << EOM\nerror: The sandbox is not in sync with the Podfile.lock. Run 'pod install' or update your CocoaPods installation.\nEOM\n    exit 1\nfi\n";
			showEnvVarsInLog = 0;
		};
		FA4ED4E0A68109CDE4C64EDF /* Copy Pods Resources */ = {
			isa = PBXShellScriptBuildPhase;
			buildActionMask = 2147483647;
			files = (
			);
			inputPaths = (
			);
			name = "Copy Pods Resources";
			outputPaths = (
			);
			runOnlyForDeploymentPostprocessing = 0;
			shellPath = /bin/sh;
			shellScript = "\"${SRCROOT}/Pods/Target Support Files/Pods-TrailMixFramework/Pods-TrailMixFramework-resources.sh\"\n";
			showEnvVarsInLog = 0;
		};
/* End PBXShellScriptBuildPhase section */

/* Begin PBXSourcesBuildPhase section */
		3DE2E8081B7A7F6F005E71C6 /* Sources */ = {
			isa = PBXSourcesBuildPhase;
			buildActionMask = 2147483647;
			files = (
				3DE2E8161B7A7F6F005E71C6 /* NotificationController.m in Sources */,
				3DE2E8131B7A7F6F005E71C6 /* InterfaceController.m in Sources */,
			);
			runOnlyForDeploymentPostprocessing = 0;
		};
		3DE2E8311B7A802F005E71C6 /* Sources */ = {
			isa = PBXSourcesBuildPhase;
			buildActionMask = 2147483647;
			files = (
				3DE2E8601B7A9122005E71C6 /* Constants.m in Sources */,
				3DE2E8611B7A9122005E71C6 /* FourSquareAPIClient.m in Sources */,
				3DE2E8621B7A9122005E71C6 /* WikiAPIClient.m in Sources */,
				3DE2E8631B7A9122005E71C6 /* DataStore.m in Sources */,
				3DE2E8641B7A9122005E71C6 /* RestaurantCDObject.m in Sources */,
				3DE2E8651B7A9122005E71C6 /* Restaurant.m in Sources */,
				3DE2E8661B7A9122005E71C6 /* RestaurantCDObject+InitWithRestaurantObject.m in Sources */,
				3DE2E8671B7A9122005E71C6 /* WikiArticle.m in Sources */,
			);
			runOnlyForDeploymentPostprocessing = 0;
		};
		3DE2E83C1B7A802F005E71C6 /* Sources */ = {
			isa = PBXSourcesBuildPhase;
			buildActionMask = 2147483647;
			files = (
				3DE2E84A1B7A802F005E71C6 /* TrailMixFrameworkTests.m in Sources */,
			);
			runOnlyForDeploymentPostprocessing = 0;
		};
		72F9A32C1B69681B00E8494F /* Sources */ = {
			isa = PBXSourcesBuildPhase;
			buildActionMask = 2147483647;
			files = (
				72F9A3391B69681B00E8494F /* AppDelegate.m in Sources */,
				DBB6CE1F1B73CDED00FA0D81 /* FilterViewController.m in Sources */,
				72DA65931B73D86E00B35DBB /* WikiCollectionViewController.m in Sources */,
				3DA6ADAD1B6977400022EF4D /* NaviViewController.m in Sources */,
				3DDD99331B6A740600178632 /* DurationPickerViewController.m in Sources */,
				3DEA3B371B6FF0CD00D4022B /* DollarSignTableViewController.m in Sources */,
				3DDD993F1B6AC24D00178632 /* RestaurantTypeTableViewController.m in Sources */,
				DBF444EF1B728A5C00B97BAD /* TravelTimeViewController.m in Sources */,
				72A9DDA71B6FECE600870BD7 /* WikiWebViewController.m in Sources */,
				3DDD99361B6A761B00178632 /* RestaurantPreferenceTableViewController.m in Sources */,
				72F9A3361B69681B00E8494F /* main.m in Sources */,
				72A9DDA61B6FECE600870BD7 /* WikiTableViewController.m in Sources */,
				72DA65961B74F47700B35DBB /* WikiCollectionViewCell.m in Sources */,
			);
			runOnlyForDeploymentPostprocessing = 0;
		};
		72F9A3451B69681C00E8494F /* Sources */ = {
			isa = PBXSourcesBuildPhase;
			buildActionMask = 2147483647;
			files = (
				72F9A3501B69681C00E8494F /* TrailMixTests.m in Sources */,
			);
			runOnlyForDeploymentPostprocessing = 0;
		};
/* End PBXSourcesBuildPhase section */

/* Begin PBXTargetDependency section */
		3DE2E81E1B7A7F6F005E71C6 /* PBXTargetDependency */ = {
			isa = PBXTargetDependency;
			target = 3DE2E81A1B7A7F6F005E71C6 /* TrailMix WatchKit App */;
			targetProxy = 3DE2E81D1B7A7F6F005E71C6 /* PBXContainerItemProxy */;
		};
		3DE2E8281B7A7F6F005E71C6 /* PBXTargetDependency */ = {
			isa = PBXTargetDependency;
			target = 3DE2E80B1B7A7F6F005E71C6 /* TrailMix WatchKit Extension */;
			targetProxy = 3DE2E8271B7A7F6F005E71C6 /* PBXContainerItemProxy */;
		};
		3DE2E8431B7A802F005E71C6 /* PBXTargetDependency */ = {
			isa = PBXTargetDependency;
			target = 3DE2E8351B7A802F005E71C6 /* TrailMixFramework */;
			targetProxy = 3DE2E8421B7A802F005E71C6 /* PBXContainerItemProxy */;
		};
		3DE2E8451B7A802F005E71C6 /* PBXTargetDependency */ = {
			isa = PBXTargetDependency;
			target = 72F9A32F1B69681B00E8494F /* TrailMix */;
			targetProxy = 3DE2E8441B7A802F005E71C6 /* PBXContainerItemProxy */;
		};
		3DE2E84C1B7A802F005E71C6 /* PBXTargetDependency */ = {
			isa = PBXTargetDependency;
			target = 3DE2E8351B7A802F005E71C6 /* TrailMixFramework */;
			targetProxy = 3DE2E84B1B7A802F005E71C6 /* PBXContainerItemProxy */;
		};
		72F9A34B1B69681C00E8494F /* PBXTargetDependency */ = {
			isa = PBXTargetDependency;
			target = 72F9A32F1B69681B00E8494F /* TrailMix */;
			targetProxy = 72F9A34A1B69681C00E8494F /* PBXContainerItemProxy */;
		};
/* End PBXTargetDependency section */

/* Begin PBXVariantGroup section */
		3DE2E8221B7A7F6F005E71C6 /* Interface.storyboard */ = {
			isa = PBXVariantGroup;
			children = (
				3DE2E8231B7A7F6F005E71C6 /* Base */,
			);
			name = Interface.storyboard;
			sourceTree = "<group>";
		};
		72F9A33D1B69681B00E8494F /* Main.storyboard */ = {
			isa = PBXVariantGroup;
			children = (
				72F9A33E1B69681B00E8494F /* Base */,
			);
			name = Main.storyboard;
			sourceTree = "<group>";
		};
		72F9A3421B69681B00E8494F /* LaunchScreen.xib */ = {
			isa = PBXVariantGroup;
			children = (
				72F9A3431B69681B00E8494F /* Base */,
			);
			name = LaunchScreen.xib;
			sourceTree = "<group>";
		};
/* End PBXVariantGroup section */

/* Begin XCBuildConfiguration section */
		3DE2E82A1B7A7F6F005E71C6 /* Debug */ = {
			isa = XCBuildConfiguration;
			buildSettings = {
				CODE_SIGN_ENTITLEMENTS = "TrailMix WatchKit Extension/TrailMix WatchKit Extension.entitlements";
				CODE_SIGN_IDENTITY = "iPhone Developer";
				"CODE_SIGN_IDENTITY[sdk=iphoneos*]" = "iPhone Developer";
				GCC_PREPROCESSOR_DEFINITIONS = (
					"DEBUG=1",
					"$(inherited)",
				);
				INFOPLIST_FILE = "TrailMix WatchKit Extension/Info.plist";
				LD_RUNPATH_SEARCH_PATHS = "$(inherited) @executable_path/Frameworks @executable_path/../../Frameworks";
				PRODUCT_NAME = "${TARGET_NAME}";
				PROVISIONING_PROFILE = "";
				SKIP_INSTALL = YES;
			};
			name = Debug;
		};
		3DE2E82B1B7A7F6F005E71C6 /* Release */ = {
			isa = XCBuildConfiguration;
			buildSettings = {
				CODE_SIGN_ENTITLEMENTS = "TrailMix WatchKit Extension/TrailMix WatchKit Extension.entitlements";
				CODE_SIGN_IDENTITY = "iPhone Developer";
				"CODE_SIGN_IDENTITY[sdk=iphoneos*]" = "iPhone Developer";
				INFOPLIST_FILE = "TrailMix WatchKit Extension/Info.plist";
				LD_RUNPATH_SEARCH_PATHS = "$(inherited) @executable_path/Frameworks @executable_path/../../Frameworks";
				PRODUCT_NAME = "${TARGET_NAME}";
				PROVISIONING_PROFILE = "";
				SKIP_INSTALL = YES;
			};
			name = Release;
		};
		3DE2E82C1B7A7F6F005E71C6 /* Debug */ = {
			isa = XCBuildConfiguration;
			buildSettings = {
				ASSETCATALOG_COMPILER_APPICON_NAME = AppIcon;
				GCC_PREPROCESSOR_DEFINITIONS = (
					"DEBUG=1",
					"$(inherited)",
				);
				IBSC_MODULE = TrailMix_WatchKit_Extension;
				INFOPLIST_FILE = "TrailMix WatchKit App/Info.plist";
				IPHONEOS_DEPLOYMENT_TARGET = 8.2;
				PRODUCT_NAME = "$(TARGET_NAME)";
				SKIP_INSTALL = YES;
				TARGETED_DEVICE_FAMILY = 4;
				"TARGETED_DEVICE_FAMILY[sdk=iphonesimulator*]" = "1,4";
			};
			name = Debug;
		};
		3DE2E82D1B7A7F6F005E71C6 /* Release */ = {
			isa = XCBuildConfiguration;
			buildSettings = {
				ASSETCATALOG_COMPILER_APPICON_NAME = AppIcon;
				IBSC_MODULE = TrailMix_WatchKit_Extension;
				INFOPLIST_FILE = "TrailMix WatchKit App/Info.plist";
				IPHONEOS_DEPLOYMENT_TARGET = 8.2;
				PRODUCT_NAME = "$(TARGET_NAME)";
				SKIP_INSTALL = YES;
				TARGETED_DEVICE_FAMILY = 4;
				"TARGETED_DEVICE_FAMILY[sdk=iphonesimulator*]" = "1,4";
			};
			name = Release;
		};
		3DE2E8501B7A802F005E71C6 /* Debug */ = {
			isa = XCBuildConfiguration;
			baseConfigurationReference = 94130C764D58DA78B6D289DE /* Pods-TrailMixFramework.debug.xcconfig */;
			buildSettings = {
				CURRENT_PROJECT_VERSION = 1;
				DEFINES_MODULE = YES;
				DYLIB_COMPATIBILITY_VERSION = 1;
				DYLIB_CURRENT_VERSION = 1;
				DYLIB_INSTALL_NAME_BASE = "@rpath";
				GCC_PREPROCESSOR_DEFINITIONS = (
					"DEBUG=1",
					"$(inherited)",
				);
				INFOPLIST_FILE = TrailMixFramework/Info.plist;
				INSTALL_PATH = "$(LOCAL_LIBRARY_DIR)/Frameworks";
				LD_RUNPATH_SEARCH_PATHS = "$(inherited) @executable_path/Frameworks @loader_path/Frameworks";
				PRODUCT_NAME = "$(TARGET_NAME)";
				SKIP_INSTALL = YES;
				VERSIONING_SYSTEM = "apple-generic";
				VERSION_INFO_PREFIX = "";
			};
			name = Debug;
		};
		3DE2E8511B7A802F005E71C6 /* Release */ = {
			isa = XCBuildConfiguration;
			baseConfigurationReference = 6AF1828410F2C380D0413C43 /* Pods-TrailMixFramework.release.xcconfig */;
			buildSettings = {
				CURRENT_PROJECT_VERSION = 1;
				DEFINES_MODULE = YES;
				DYLIB_COMPATIBILITY_VERSION = 1;
				DYLIB_CURRENT_VERSION = 1;
				DYLIB_INSTALL_NAME_BASE = "@rpath";
				INFOPLIST_FILE = TrailMixFramework/Info.plist;
				INSTALL_PATH = "$(LOCAL_LIBRARY_DIR)/Frameworks";
				LD_RUNPATH_SEARCH_PATHS = "$(inherited) @executable_path/Frameworks @loader_path/Frameworks";
				PRODUCT_NAME = "$(TARGET_NAME)";
				SKIP_INSTALL = YES;
				VERSIONING_SYSTEM = "apple-generic";
				VERSION_INFO_PREFIX = "";
			};
			name = Release;
		};
		3DE2E8541B7A802F005E71C6 /* Debug */ = {
			isa = XCBuildConfiguration;
			buildSettings = {
				FRAMEWORK_SEARCH_PATHS = (
					"$(SDKROOT)/Developer/Library/Frameworks",
					"$(inherited)",
				);
				GCC_PREPROCESSOR_DEFINITIONS = (
					"DEBUG=1",
					"$(inherited)",
				);
				INFOPLIST_FILE = TrailMixFrameworkTests/Info.plist;
				LD_RUNPATH_SEARCH_PATHS = "$(inherited) @executable_path/Frameworks @loader_path/Frameworks";
				PRODUCT_NAME = "$(TARGET_NAME)";
				TEST_HOST = "$(BUILT_PRODUCTS_DIR)/TrailMix.app/TrailMix";
			};
			name = Debug;
		};
		3DE2E8551B7A802F005E71C6 /* Release */ = {
			isa = XCBuildConfiguration;
			buildSettings = {
				FRAMEWORK_SEARCH_PATHS = (
					"$(SDKROOT)/Developer/Library/Frameworks",
					"$(inherited)",
				);
				INFOPLIST_FILE = TrailMixFrameworkTests/Info.plist;
				LD_RUNPATH_SEARCH_PATHS = "$(inherited) @executable_path/Frameworks @loader_path/Frameworks";
				PRODUCT_NAME = "$(TARGET_NAME)";
				TEST_HOST = "$(BUILT_PRODUCTS_DIR)/TrailMix.app/TrailMix";
			};
			name = Release;
		};
		72F9A3511B69681C00E8494F /* Debug */ = {
			isa = XCBuildConfiguration;
			buildSettings = {
				ALWAYS_SEARCH_USER_PATHS = NO;
				CLANG_CXX_LANGUAGE_STANDARD = "gnu++0x";
				CLANG_CXX_LIBRARY = "libc++";
				CLANG_ENABLE_MODULES = YES;
				CLANG_ENABLE_OBJC_ARC = YES;
				CLANG_WARN_BOOL_CONVERSION = YES;
				CLANG_WARN_CONSTANT_CONVERSION = YES;
				CLANG_WARN_DIRECT_OBJC_ISA_USAGE = YES_ERROR;
				CLANG_WARN_EMPTY_BODY = YES;
				CLANG_WARN_ENUM_CONVERSION = YES;
				CLANG_WARN_INT_CONVERSION = YES;
				CLANG_WARN_OBJC_ROOT_CLASS = YES_ERROR;
				CLANG_WARN_UNREACHABLE_CODE = YES;
				CLANG_WARN__DUPLICATE_METHOD_MATCH = YES;
				"CODE_SIGN_IDENTITY[sdk=iphoneos*]" = "iPhone Developer";
				COPY_PHASE_STRIP = NO;
				DEBUG_INFORMATION_FORMAT = "dwarf-with-dsym";
				ENABLE_STRICT_OBJC_MSGSEND = YES;
				GCC_C_LANGUAGE_STANDARD = gnu99;
				GCC_DYNAMIC_NO_PIC = NO;
				GCC_NO_COMMON_BLOCKS = YES;
				GCC_OPTIMIZATION_LEVEL = 0;
				GCC_PREPROCESSOR_DEFINITIONS = (
					"DEBUG=1",
					"$(inherited)",
				);
				GCC_SYMBOLS_PRIVATE_EXTERN = NO;
				GCC_WARN_64_TO_32_BIT_CONVERSION = YES;
				GCC_WARN_ABOUT_RETURN_TYPE = YES_ERROR;
				GCC_WARN_UNDECLARED_SELECTOR = YES;
				GCC_WARN_UNINITIALIZED_AUTOS = YES_AGGRESSIVE;
				GCC_WARN_UNUSED_FUNCTION = YES;
				GCC_WARN_UNUSED_VARIABLE = YES;
				IPHONEOS_DEPLOYMENT_TARGET = 8.4;
				MTL_ENABLE_DEBUG_INFO = YES;
				ONLY_ACTIVE_ARCH = YES;
				SDKROOT = iphoneos;
				TARGETED_DEVICE_FAMILY = "1,2";
			};
			name = Debug;
		};
		72F9A3521B69681C00E8494F /* Release */ = {
			isa = XCBuildConfiguration;
			buildSettings = {
				ALWAYS_SEARCH_USER_PATHS = NO;
				CLANG_CXX_LANGUAGE_STANDARD = "gnu++0x";
				CLANG_CXX_LIBRARY = "libc++";
				CLANG_ENABLE_MODULES = YES;
				CLANG_ENABLE_OBJC_ARC = YES;
				CLANG_WARN_BOOL_CONVERSION = YES;
				CLANG_WARN_CONSTANT_CONVERSION = YES;
				CLANG_WARN_DIRECT_OBJC_ISA_USAGE = YES_ERROR;
				CLANG_WARN_EMPTY_BODY = YES;
				CLANG_WARN_ENUM_CONVERSION = YES;
				CLANG_WARN_INT_CONVERSION = YES;
				CLANG_WARN_OBJC_ROOT_CLASS = YES_ERROR;
				CLANG_WARN_UNREACHABLE_CODE = YES;
				CLANG_WARN__DUPLICATE_METHOD_MATCH = YES;
				"CODE_SIGN_IDENTITY[sdk=iphoneos*]" = "iPhone Developer";
				COPY_PHASE_STRIP = NO;
				DEBUG_INFORMATION_FORMAT = "dwarf-with-dsym";
				ENABLE_NS_ASSERTIONS = NO;
				ENABLE_STRICT_OBJC_MSGSEND = YES;
				GCC_C_LANGUAGE_STANDARD = gnu99;
				GCC_NO_COMMON_BLOCKS = YES;
				GCC_WARN_64_TO_32_BIT_CONVERSION = YES;
				GCC_WARN_ABOUT_RETURN_TYPE = YES_ERROR;
				GCC_WARN_UNDECLARED_SELECTOR = YES;
				GCC_WARN_UNINITIALIZED_AUTOS = YES_AGGRESSIVE;
				GCC_WARN_UNUSED_FUNCTION = YES;
				GCC_WARN_UNUSED_VARIABLE = YES;
				IPHONEOS_DEPLOYMENT_TARGET = 8.4;
				MTL_ENABLE_DEBUG_INFO = NO;
				SDKROOT = iphoneos;
				TARGETED_DEVICE_FAMILY = "1,2";
				VALIDATE_PRODUCT = YES;
			};
			name = Release;
		};
		72F9A3541B69681C00E8494F /* Debug */ = {
			isa = XCBuildConfiguration;
			baseConfigurationReference = A4F8ED7375ED3F133E3C75AE /* Pods-TrailMix.debug.xcconfig */;
			buildSettings = {
				ASSETCATALOG_COMPILER_APPICON_NAME = AppIcon;
				ASSETCATALOG_COMPILER_LAUNCHIMAGE_NAME = LaunchImage;
				CODE_SIGN_ENTITLEMENTS = TrailMix/TrailMix.entitlements;
				INFOPLIST_FILE = TrailMix/Info.plist;
				IPHONEOS_DEPLOYMENT_TARGET = 7.1;
				LD_RUNPATH_SEARCH_PATHS = "$(inherited) @executable_path/Frameworks";
				PRODUCT_NAME = "$(TARGET_NAME)";
				TARGETED_DEVICE_FAMILY = 1;
			};
			name = Debug;
		};
		72F9A3551B69681C00E8494F /* Release */ = {
			isa = XCBuildConfiguration;
			baseConfigurationReference = 2BEC84171143140FF8DED365 /* Pods-TrailMix.release.xcconfig */;
			buildSettings = {
				ASSETCATALOG_COMPILER_APPICON_NAME = AppIcon;
				ASSETCATALOG_COMPILER_LAUNCHIMAGE_NAME = LaunchImage;
				CODE_SIGN_ENTITLEMENTS = TrailMix/TrailMix.entitlements;
				INFOPLIST_FILE = TrailMix/Info.plist;
				IPHONEOS_DEPLOYMENT_TARGET = 7.1;
				LD_RUNPATH_SEARCH_PATHS = "$(inherited) @executable_path/Frameworks";
				PRODUCT_NAME = "$(TARGET_NAME)";
				TARGETED_DEVICE_FAMILY = 1;
			};
			name = Release;
		};
		72F9A3571B69681C00E8494F /* Debug */ = {
			isa = XCBuildConfiguration;
			buildSettings = {
				BUNDLE_LOADER = "$(TEST_HOST)";
				FRAMEWORK_SEARCH_PATHS = (
					"$(SDKROOT)/Developer/Library/Frameworks",
					"$(inherited)",
				);
				GCC_PREPROCESSOR_DEFINITIONS = (
					"DEBUG=1",
					"$(inherited)",
				);
				INFOPLIST_FILE = TrailMixTests/Info.plist;
				LD_RUNPATH_SEARCH_PATHS = "$(inherited) @executable_path/Frameworks @loader_path/Frameworks";
				PRODUCT_NAME = "$(TARGET_NAME)";
				TEST_HOST = "$(BUILT_PRODUCTS_DIR)/TrailMix.app/TrailMix";
			};
			name = Debug;
		};
		72F9A3581B69681C00E8494F /* Release */ = {
			isa = XCBuildConfiguration;
			buildSettings = {
				BUNDLE_LOADER = "$(TEST_HOST)";
				FRAMEWORK_SEARCH_PATHS = (
					"$(SDKROOT)/Developer/Library/Frameworks",
					"$(inherited)",
				);
				INFOPLIST_FILE = TrailMixTests/Info.plist;
				LD_RUNPATH_SEARCH_PATHS = "$(inherited) @executable_path/Frameworks @loader_path/Frameworks";
				PRODUCT_NAME = "$(TARGET_NAME)";
				TEST_HOST = "$(BUILT_PRODUCTS_DIR)/TrailMix.app/TrailMix";
			};
			name = Release;
		};
/* End XCBuildConfiguration section */

/* Begin XCConfigurationList section */
		3DE2E82E1B7A7F6F005E71C6 /* Build configuration list for PBXNativeTarget "TrailMix WatchKit App" */ = {
			isa = XCConfigurationList;
			buildConfigurations = (
				3DE2E82C1B7A7F6F005E71C6 /* Debug */,
				3DE2E82D1B7A7F6F005E71C6 /* Release */,
			);
			defaultConfigurationIsVisible = 0;
			defaultConfigurationName = Release;
		};
		3DE2E82F1B7A7F6F005E71C6 /* Build configuration list for PBXNativeTarget "TrailMix WatchKit Extension" */ = {
			isa = XCConfigurationList;
			buildConfigurations = (
				3DE2E82A1B7A7F6F005E71C6 /* Debug */,
				3DE2E82B1B7A7F6F005E71C6 /* Release */,
			);
			defaultConfigurationIsVisible = 0;
			defaultConfigurationName = Release;
		};
		3DE2E84F1B7A802F005E71C6 /* Build configuration list for PBXNativeTarget "TrailMixFramework" */ = {
			isa = XCConfigurationList;
			buildConfigurations = (
				3DE2E8501B7A802F005E71C6 /* Debug */,
				3DE2E8511B7A802F005E71C6 /* Release */,
			);
			defaultConfigurationIsVisible = 0;
			defaultConfigurationName = Release;
		};
		3DE2E8531B7A802F005E71C6 /* Build configuration list for PBXNativeTarget "TrailMixFrameworkTests" */ = {
			isa = XCConfigurationList;
			buildConfigurations = (
				3DE2E8541B7A802F005E71C6 /* Debug */,
				3DE2E8551B7A802F005E71C6 /* Release */,
			);
			defaultConfigurationIsVisible = 0;
			defaultConfigurationName = Release;
		};
		72F9A32B1B69681B00E8494F /* Build configuration list for PBXProject "TrailMix" */ = {
			isa = XCConfigurationList;
			buildConfigurations = (
				72F9A3511B69681C00E8494F /* Debug */,
				72F9A3521B69681C00E8494F /* Release */,
			);
			defaultConfigurationIsVisible = 0;
			defaultConfigurationName = Release;
		};
		72F9A3531B69681C00E8494F /* Build configuration list for PBXNativeTarget "TrailMix" */ = {
			isa = XCConfigurationList;
			buildConfigurations = (
				72F9A3541B69681C00E8494F /* Debug */,
				72F9A3551B69681C00E8494F /* Release */,
			);
			defaultConfigurationIsVisible = 0;
			defaultConfigurationName = Release;
		};
		72F9A3561B69681C00E8494F /* Build configuration list for PBXNativeTarget "TrailMixTests" */ = {
			isa = XCConfigurationList;
			buildConfigurations = (
				72F9A3571B69681C00E8494F /* Debug */,
				72F9A3581B69681C00E8494F /* Release */,
			);
			defaultConfigurationIsVisible = 0;
			defaultConfigurationName = Release;
		};
/* End XCConfigurationList section */

/* Begin XCVersionGroup section */
		3DDD99371B6A7C1100178632 /* TrailMix.xcdatamodeld */ = {
			isa = XCVersionGroup;
			children = (
				3DDD99381B6A7C1100178632 /* TrailMix.xcdatamodel */,
			);
			currentVersion = 3DDD99381B6A7C1100178632 /* TrailMix.xcdatamodel */;
			path = TrailMix.xcdatamodeld;
			sourceTree = "<group>";
			versionGroupType = wrapper.xcdatamodel;
		};
/* End XCVersionGroup section */
	};
	rootObject = 72F9A3281B69681B00E8494F /* Project object */;
}
