// !$*UTF8*$!
{
	archiveVersion = 1;
	classes = {
	};
	objectVersion = 46;
	objects = {

/* Begin PBXBuildFile section */
		3D22232C1B696C8B00788C41 /* NaviViewController.m in Sources */ = {isa = PBXBuildFile; fileRef = 3D22232B1B696C8B00788C41 /* NaviViewController.m */; };
		72F9A3361B69681B00E8494F /* main.m in Sources */ = {isa = PBXBuildFile; fileRef = 72F9A3351B69681B00E8494F /* main.m */; };
		72F9A3391B69681B00E8494F /* AppDelegate.m in Sources */ = {isa = PBXBuildFile; fileRef = 72F9A3381B69681B00E8494F /* AppDelegate.m */; };
		72F9A33F1B69681B00E8494F /* Main.storyboard in Resources */ = {isa = PBXBuildFile; fileRef = 72F9A33D1B69681B00E8494F /* Main.storyboard */; };
		72F9A3411B69681B00E8494F /* Images.xcassets in Resources */ = {isa = PBXBuildFile; fileRef = 72F9A3401B69681B00E8494F /* Images.xcassets */; };
		72F9A3441B69681B00E8494F /* LaunchScreen.xib in Resources */ = {isa = PBXBuildFile; fileRef = 72F9A3421B69681B00E8494F /* LaunchScreen.xib */; };
		72F9A3501B69681C00E8494F /* TrailMixTests.m in Sources */ = {isa = PBXBuildFile; fileRef = 72F9A34F1B69681C00E8494F /* TrailMixTests.m */; };
/* End PBXBuildFile section */

/* Begin PBXContainerItemProxy section */
		72F9A34A1B69681C00E8494F /* PBXContainerItemProxy */ = {
			isa = PBXContainerItemProxy;
			containerPortal = 72F9A3281B69681B00E8494F /* Project object */;
			proxyType = 1;
			remoteGlobalIDString = 72F9A32F1B69681B00E8494F;
			remoteInfo = TrailMix;
		};
/* End PBXContainerItemProxy section */

/* Begin PBXFileReference section */
		3D22232A1B696C8B00788C41 /* NaviViewController.h */ = {isa = PBXFileReference; fileEncoding = 4; lastKnownFileType = sourcecode.c.h; path = NaviViewController.h; sourceTree = "<group>"; };
		3D22232B1B696C8B00788C41 /* NaviViewController.m */ = {isa = PBXFileReference; fileEncoding = 4; lastKnownFileType = sourcecode.c.objc; path = NaviViewController.m; sourceTree = "<group>"; };
		72F9A3301B69681B00E8494F /* TrailMix.app */ = {isa = PBXFileReference; explicitFileType = wrapper.application; includeInIndex = 0; path = TrailMix.app; sourceTree = BUILT_PRODUCTS_DIR; };
		72F9A3341B69681B00E8494F /* Info.plist */ = {isa = PBXFileReference; lastKnownFileType = text.plist.xml; path = Info.plist; sourceTree = "<group>"; };
		72F9A3351B69681B00E8494F /* main.m */ = {isa = PBXFileReference; lastKnownFileType = sourcecode.c.objc; path = main.m; sourceTree = "<group>"; };
		72F9A3371B69681B00E8494F /* AppDelegate.h */ = {isa = PBXFileReference; lastKnownFileType = sourcecode.c.h; path = AppDelegate.h; sourceTree = "<group>"; };
		72F9A3381B69681B00E8494F /* AppDelegate.m */ = {isa = PBXFileReference; lastKnownFileType = sourcecode.c.objc; path = AppDelegate.m; sourceTree = "<group>"; };
		72F9A33E1B69681B00E8494F /* Base */ = {isa = PBXFileReference; lastKnownFileType = file.storyboard; name = Base; path = Base.lproj/Main.storyboard; sourceTree = "<group>"; };
		72F9A3401B69681B00E8494F /* Images.xcassets */ = {isa = PBXFileReference; lastKnownFileType = folder.assetcatalog; path = Images.xcassets; sourceTree = "<group>"; };
		72F9A3431B69681B00E8494F /* Base */ = {isa = PBXFileReference; lastKnownFileType = file.xib; name = Base; path = Base.lproj/LaunchScreen.xib; sourceTree = "<group>"; };
		72F9A3491B69681C00E8494F /* TrailMixTests.xctest */ = {isa = PBXFileReference; explicitFileType = wrapper.cfbundle; includeInIndex = 0; path = TrailMixTests.xctest; sourceTree = BUILT_PRODUCTS_DIR; };
		72F9A34E1B69681C00E8494F /* Info.plist */ = {isa = PBXFileReference; lastKnownFileType = text.plist.xml; path = Info.plist; sourceTree = "<group>"; };
		72F9A34F1B69681C00E8494F /* TrailMixTests.m */ = {isa = PBXFileReference; lastKnownFileType = sourcecode.c.objc; path = TrailMixTests.m; sourceTree = "<group>"; };
/* End PBXFileReference section */

/* Begin PBXFrameworksBuildPhase section */
		72F9A32D1B69681B00E8494F /* Frameworks */ = {
			isa = PBXFrameworksBuildPhase;
			buildActionMask = 2147483647;
			files = (
			);
			runOnlyForDeploymentPostprocessing = 0;
		};
		72F9A3461B69681C00E8494F /* Frameworks */ = {
			isa = PBXFrameworksBuildPhase;
			buildActionMask = 2147483647;
			files = (
			);
			runOnlyForDeploymentPostprocessing = 0;
		};
/* End PBXFrameworksBuildPhase section */

/* Begin PBXGroup section */
		3D22232D1B696C9200788C41 /* Views */ = {
			isa = PBXGroup;
			children = (
			);
			name = Views;
			sourceTree = "<group>";
		};
		3D22232E1B696C9B00788C41 /* Controllers */ = {
			isa = PBXGroup;
			children = (
				3D22232A1B696C8B00788C41 /* NaviViewController.h */,
				3D22232B1B696C8B00788C41 /* NaviViewController.m */,
			);
			name = Controllers;
			sourceTree = "<group>";
		};
		3D22232F1B696CA200788C41 /* Models */ = {
			isa = PBXGroup;
			children = (
			);
			name = Models;
			sourceTree = "<group>";
		};
		72F9A3271B69681B00E8494F = {
			isa = PBXGroup;
			children = (
				72F9A3321B69681B00E8494F /* TrailMix */,
				72F9A34C1B69681C00E8494F /* TrailMixTests */,
				72F9A3311B69681B00E8494F /* Products */,
			);
			sourceTree = "<group>";
		};
		72F9A3311B69681B00E8494F /* Products */ = {
			isa = PBXGroup;
			children = (
				72F9A3301B69681B00E8494F /* TrailMix.app */,
				72F9A3491B69681C00E8494F /* TrailMixTests.xctest */,
			);
			name = Products;
			sourceTree = "<group>";
		};
		72F9A3321B69681B00E8494F /* TrailMix */ = {
			isa = PBXGroup;
			children = (
				3D22232F1B696CA200788C41 /* Models */,
				3D22232E1B696C9B00788C41 /* Controllers */,
				3D22232D1B696C9200788C41 /* Views */,
				72F9A3371B69681B00E8494F /* AppDelegate.h */,
				72F9A3381B69681B00E8494F /* AppDelegate.m */,
				72F9A33D1B69681B00E8494F /* Main.storyboard */,
				72F9A3401B69681B00E8494F /* Images.xcassets */,
				72F9A3421B69681B00E8494F /* LaunchScreen.xib */,
				72F9A3331B69681B00E8494F /* Supporting Files */,
			);
			path = TrailMix;
			sourceTree = "<group>";
		};
		72F9A3331B69681B00E8494F /* Supporting Files */ = {
			isa = PBXGroup;
			children = (
				72F9A3341B69681B00E8494F /* Info.plist */,
				72F9A3351B69681B00E8494F /* main.m */,
			);
			name = "Supporting Files";
			sourceTree = "<group>";
		};
		72F9A34C1B69681C00E8494F /* TrailMixTests */ = {
			isa = PBXGroup;
			children = (
				72F9A34F1B69681C00E8494F /* TrailMixTests.m */,
				72F9A34D1B69681C00E8494F /* Supporting Files */,
			);
			path = TrailMixTests;
			sourceTree = "<group>";
		};
		72F9A34D1B69681C00E8494F /* Supporting Files */ = {
			isa = PBXGroup;
			children = (
				72F9A34E1B69681C00E8494F /* Info.plist */,
			);
			name = "Supporting Files";
			sourceTree = "<group>";
		};
/* End PBXGroup section */

/* Begin PBXNativeTarget section */
		72F9A32F1B69681B00E8494F /* TrailMix */ = {
			isa = PBXNativeTarget;
			buildConfigurationList = 72F9A3531B69681C00E8494F /* Build configuration list for PBXNativeTarget "TrailMix" */;
			buildPhases = (
				72F9A32C1B69681B00E8494F /* Sources */,
				72F9A32D1B69681B00E8494F /* Frameworks */,
				72F9A32E1B69681B00E8494F /* Resources */,
			);
			buildRules = (
			);
			dependencies = (
			);
			name = TrailMix;
			productName = TrailMix;
			productReference = 72F9A3301B69681B00E8494F /* TrailMix.app */;
			productType = "com.apple.product-type.application";
		};
		72F9A3481B69681C00E8494F /* TrailMixTests */ = {
			isa = PBXNativeTarget;
			buildConfigurationList = 72F9A3561B69681C00E8494F /* Build configuration list for PBXNativeTarget "TrailMixTests" */;
			buildPhases = (
				72F9A3451B69681C00E8494F /* Sources */,
				72F9A3461B69681C00E8494F /* Frameworks */,
				72F9A3471B69681C00E8494F /* Resources */,
			);
			buildRules = (
			);
			dependencies = (
				72F9A34B1B69681C00E8494F /* PBXTargetDependency */,
			);
			name = TrailMixTests;
			productName = TrailMixTests;
			productReference = 72F9A3491B69681C00E8494F /* TrailMixTests.xctest */;
			productType = "com.apple.product-type.bundle.unit-test";
		};
/* End PBXNativeTarget section */

/* Begin PBXProject section */
		72F9A3281B69681B00E8494F /* Project object */ = {
			isa = PBXProject;
			attributes = {
				LastUpgradeCheck = 0640;
				ORGANIZATIONNAME = "Team Fax Machine";
				TargetAttributes = {
					72F9A32F1B69681B00E8494F = {
						CreatedOnToolsVersion = 6.4;
					};
					72F9A3481B69681C00E8494F = {
						CreatedOnToolsVersion = 6.4;
						TestTargetID = 72F9A32F1B69681B00E8494F;
					};
				};
			};
			buildConfigurationList = 72F9A32B1B69681B00E8494F /* Build configuration list for PBXProject "TrailMix" */;
			compatibilityVersion = "Xcode 3.2";
			developmentRegion = English;
			hasScannedForEncodings = 0;
			knownRegions = (
				en,
				Base,
			);
			mainGroup = 72F9A3271B69681B00E8494F;
			productRefGroup = 72F9A3311B69681B00E8494F /* Products */;
			projectDirPath = "";
			projectRoot = "";
			targets = (
				72F9A32F1B69681B00E8494F /* TrailMix */,
				72F9A3481B69681C00E8494F /* TrailMixTests */,
			);
		};
/* End PBXProject section */

/* Begin PBXResourcesBuildPhase section */
		72F9A32E1B69681B00E8494F /* Resources */ = {
			isa = PBXResourcesBuildPhase;
			buildActionMask = 2147483647;
			files = (
				72F9A33F1B69681B00E8494F /* Main.storyboard in Resources */,
				72F9A3441B69681B00E8494F /* LaunchScreen.xib in Resources */,
				72F9A3411B69681B00E8494F /* Images.xcassets in Resources */,
			);
			runOnlyForDeploymentPostprocessing = 0;
		};
		72F9A3471B69681C00E8494F /* Resources */ = {
			isa = PBXResourcesBuildPhase;
			buildActionMask = 2147483647;
			files = (
			);
			runOnlyForDeploymentPostprocessing = 0;
		};
/* End PBXResourcesBuildPhase section */

/* Begin PBXSourcesBuildPhase section */
		72F9A32C1B69681B00E8494F /* Sources */ = {
			isa = PBXSourcesBuildPhase;
			buildActionMask = 2147483647;
			files = (
				72F9A3391B69681B00E8494F /* AppDelegate.m in Sources */,
				3D22232C1B696C8B00788C41 /* NaviViewController.m in Sources */,
				72F9A3361B69681B00E8494F /* main.m in Sources */,
			);
			runOnlyForDeploymentPostprocessing = 0;
		};
		72F9A3451B69681C00E8494F /* Sources */ = {
			isa = PBXSourcesBuildPhase;
			buildActionMask = 2147483647;
			files = (
				72F9A3501B69681C00E8494F /* TrailMixTests.m in Sources */,
			);
			runOnlyForDeploymentPostprocessing = 0;
		};
/* End PBXSourcesBuildPhase section */

/* Begin PBXTargetDependency section */
		72F9A34B1B69681C00E8494F /* PBXTargetDependency */ = {
			isa = PBXTargetDependency;
			target = 72F9A32F1B69681B00E8494F /* TrailMix */;
			targetProxy = 72F9A34A1B69681C00E8494F /* PBXContainerItemProxy */;
		};
/* End PBXTargetDependency section */

/* Begin PBXVariantGroup section */
		72F9A33D1B69681B00E8494F /* Main.storyboard */ = {
			isa = PBXVariantGroup;
			children = (
				72F9A33E1B69681B00E8494F /* Base */,
			);
			name = Main.storyboard;
			sourceTree = "<group>";
		};
		72F9A3421B69681B00E8494F /* LaunchScreen.xib */ = {
			isa = PBXVariantGroup;
			children = (
				72F9A3431B69681B00E8494F /* Base */,
			);
			name = LaunchScreen.xib;
			sourceTree = "<group>";
		};
/* End PBXVariantGroup section */

/* Begin XCBuildConfiguration section */
		72F9A3511B69681C00E8494F /* Debug */ = {
			isa = XCBuildConfiguration;
			buildSettings = {
				ALWAYS_SEARCH_USER_PATHS = NO;
				CLANG_CXX_LANGUAGE_STANDARD = "gnu++0x";
				CLANG_CXX_LIBRARY = "libc++";
				CLANG_ENABLE_MODULES = YES;
				CLANG_ENABLE_OBJC_ARC = YES;
				CLANG_WARN_BOOL_CONVERSION = YES;
				CLANG_WARN_CONSTANT_CONVERSION = YES;
				CLANG_WARN_DIRECT_OBJC_ISA_USAGE = YES_ERROR;
				CLANG_WARN_EMPTY_BODY = YES;
				CLANG_WARN_ENUM_CONVERSION = YES;
				CLANG_WARN_INT_CONVERSION = YES;
				CLANG_WARN_OBJC_ROOT_CLASS = YES_ERROR;
				CLANG_WARN_UNREACHABLE_CODE = YES;
				CLANG_WARN__DUPLICATE_METHOD_MATCH = YES;
				"CODE_SIGN_IDENTITY[sdk=iphoneos*]" = "iPhone Developer";
				COPY_PHASE_STRIP = NO;
				DEBUG_INFORMATION_FORMAT = "dwarf-with-dsym";
				ENABLE_STRICT_OBJC_MSGSEND = YES;
				GCC_C_LANGUAGE_STANDARD = gnu99;
				GCC_DYNAMIC_NO_PIC = NO;
				GCC_NO_COMMON_BLOCKS = YES;
				GCC_OPTIMIZATION_LEVEL = 0;
				GCC_PREPROCESSOR_DEFINITIONS = (
					"DEBUG=1",
					"$(inherited)",
				);
				GCC_SYMBOLS_PRIVATE_EXTERN = NO;
				GCC_WARN_64_TO_32_BIT_CONVERSION = YES;
				GCC_WARN_ABOUT_RETURN_TYPE = YES_ERROR;
				GCC_WARN_UNDECLARED_SELECTOR = YES;
				GCC_WARN_UNINITIALIZED_AUTOS = YES_AGGRESSIVE;
				GCC_WARN_UNUSED_FUNCTION = YES;
				GCC_WARN_UNUSED_VARIABLE = YES;
				IPHONEOS_DEPLOYMENT_TARGET = 8.4;
				MTL_ENABLE_DEBUG_INFO = YES;
				ONLY_ACTIVE_ARCH = YES;
				SDKROOT = iphoneos;
				TARGETED_DEVICE_FAMILY = "1,2";
			};
			name = Debug;
		};
		72F9A3521B69681C00E8494F /* Release */ = {
			isa = XCBuildConfiguration;
			buildSettings = {
				ALWAYS_SEARCH_USER_PATHS = NO;
				CLANG_CXX_LANGUAGE_STANDARD = "gnu++0x";
				CLANG_CXX_LIBRARY = "libc++";
				CLANG_ENABLE_MODULES = YES;
				CLANG_ENABLE_OBJC_ARC = YES;
				CLANG_WARN_BOOL_CONVERSION = YES;
				CLANG_WARN_CONSTANT_CONVERSION = YES;
				CLANG_WARN_DIRECT_OBJC_ISA_USAGE = YES_ERROR;
				CLANG_WARN_EMPTY_BODY = YES;
				CLANG_WARN_ENUM_CONVERSION = YES;
				CLANG_WARN_INT_CONVERSION = YES;
				CLANG_WARN_OBJC_ROOT_CLASS = YES_ERROR;
				CLANG_WARN_UNREACHABLE_CODE = YES;
				CLANG_WARN__DUPLICATE_METHOD_MATCH = YES;
				"CODE_SIGN_IDENTITY[sdk=iphoneos*]" = "iPhone Developer";
				COPY_PHASE_STRIP = NO;
				DEBUG_INFORMATION_FORMAT = "dwarf-with-dsym";
				ENABLE_NS_ASSERTIONS = NO;
				ENABLE_STRICT_OBJC_MSGSEND = YES;
				GCC_C_LANGUAGE_STANDARD = gnu99;
				GCC_NO_COMMON_BLOCKS = YES;
				GCC_WARN_64_TO_32_BIT_CONVERSION = YES;
				GCC_WARN_ABOUT_RETURN_TYPE = YES_ERROR;
				GCC_WARN_UNDECLARED_SELECTOR = YES;
				GCC_WARN_UNINITIALIZED_AUTOS = YES_AGGRESSIVE;
				GCC_WARN_UNUSED_FUNCTION = YES;
				GCC_WARN_UNUSED_VARIABLE = YES;
				IPHONEOS_DEPLOYMENT_TARGET = 8.4;
				MTL_ENABLE_DEBUG_INFO = NO;
				SDKROOT = iphoneos;
				TARGETED_DEVICE_FAMILY = "1,2";
				VALIDATE_PRODUCT = YES;
			};
			name = Release;
		};
		72F9A3541B69681C00E8494F /* Debug */ = {
			isa = XCBuildConfiguration;
			buildSettings = {
				ASSETCATALOG_COMPILER_APPICON_NAME = AppIcon;
				ASSETCATALOG_COMPILER_LAUNCHIMAGE_NAME = LaunchImage;
				INFOPLIST_FILE = TrailMix/Info.plist;
				IPHONEOS_DEPLOYMENT_TARGET = 7.1;
				LD_RUNPATH_SEARCH_PATHS = "$(inherited) @executable_path/Frameworks";
				PRODUCT_NAME = "$(TARGET_NAME)";
			};
			name = Debug;
		};
		72F9A3551B69681C00E8494F /* Release */ = {
			isa = XCBuildConfiguration;
			buildSettings = {
				ASSETCATALOG_COMPILER_APPICON_NAME = AppIcon;
				ASSETCATALOG_COMPILER_LAUNCHIMAGE_NAME = LaunchImage;
				INFOPLIST_FILE = TrailMix/Info.plist;
				IPHONEOS_DEPLOYMENT_TARGET = 7.1;
				LD_RUNPATH_SEARCH_PATHS = "$(inherited) @executable_path/Frameworks";
				PRODUCT_NAME = "$(TARGET_NAME)";
			};
			name = Release;
		};
		72F9A3571B69681C00E8494F /* Debug */ = {
			isa = XCBuildConfiguration;
			buildSettings = {
				BUNDLE_LOADER = "$(TEST_HOST)";
				FRAMEWORK_SEARCH_PATHS = (
					"$(SDKROOT)/Developer/Library/Frameworks",
					"$(inherited)",
				);
				GCC_PREPROCESSOR_DEFINITIONS = (
					"DEBUG=1",
					"$(inherited)",
				);
				INFOPLIST_FILE = TrailMixTests/Info.plist;
				LD_RUNPATH_SEARCH_PATHS = "$(inherited) @executable_path/Frameworks @loader_path/Frameworks";
				PRODUCT_NAME = "$(TARGET_NAME)";
				TEST_HOST = "$(BUILT_PRODUCTS_DIR)/TrailMix.app/TrailMix";
			};
			name = Debug;
		};
		72F9A3581B69681C00E8494F /* Release */ = {
			isa = XCBuildConfiguration;
			buildSettings = {
				BUNDLE_LOADER = "$(TEST_HOST)";
				FRAMEWORK_SEARCH_PATHS = (
					"$(SDKROOT)/Developer/Library/Frameworks",
					"$(inherited)",
				);
				INFOPLIST_FILE = TrailMixTests/Info.plist;
				LD_RUNPATH_SEARCH_PATHS = "$(inherited) @executable_path/Frameworks @loader_path/Frameworks";
				PRODUCT_NAME = "$(TARGET_NAME)";
				TEST_HOST = "$(BUILT_PRODUCTS_DIR)/TrailMix.app/TrailMix";
			};
			name = Release;
		};
/* End XCBuildConfiguration section */

/* Begin XCConfigurationList section */
		72F9A32B1B69681B00E8494F /* Build configuration list for PBXProject "TrailMix" */ = {
			isa = XCConfigurationList;
			buildConfigurations = (
				72F9A3511B69681C00E8494F /* Debug */,
				72F9A3521B69681C00E8494F /* Release */,
			);
			defaultConfigurationIsVisible = 0;
			defaultConfigurationName = Release;
		};
		72F9A3531B69681C00E8494F /* Build configuration list for PBXNativeTarget "TrailMix" */ = {
			isa = XCConfigurationList;
			buildConfigurations = (
				72F9A3541B69681C00E8494F /* Debug */,
				72F9A3551B69681C00E8494F /* Release */,
			);
			defaultConfigurationIsVisible = 0;
			defaultConfigurationName = Release;
		};
		72F9A3561B69681C00E8494F /* Build configuration list for PBXNativeTarget "TrailMixTests" */ = {
			isa = XCConfigurationList;
			buildConfigurations = (
				72F9A3571B69681C00E8494F /* Debug */,
				72F9A3581B69681C00E8494F /* Release */,
			);
			defaultConfigurationIsVisible = 0;
			defaultConfigurationName = Release;
		};
/* End XCConfigurationList section */
	};
	rootObject = 72F9A3281B69681B00E8494F /* Project object */;
}
